// !$*UTF8*$!
{
	archiveVersion = 1;
	classes = {
	};
	objectVersion = 46;
	objects = {

/* Begin PBXBuildFile section */
		2012942F1A7F304B006B78DE /* main.m in Sources */ = {isa = PBXBuildFile; fileRef = 2012942E1A7F304B006B78DE /* main.m */; };
		201294321A7F304B006B78DE /* AppDelegate.m in Sources */ = {isa = PBXBuildFile; fileRef = 201294311A7F304B006B78DE /* AppDelegate.m */; };
		201294351A7F304B006B78DE /* MasterViewController.m in Sources */ = {isa = PBXBuildFile; fileRef = 201294341A7F304B006B78DE /* MasterViewController.m */; };
		201294381A7F304B006B78DE /* DetailViewController.m in Sources */ = {isa = PBXBuildFile; fileRef = 201294371A7F304B006B78DE /* DetailViewController.m */; };
		2012943B1A7F304B006B78DE /* Main.storyboard in Resources */ = {isa = PBXBuildFile; fileRef = 201294391A7F304B006B78DE /* Main.storyboard */; };
		2012943D1A7F304B006B78DE /* Images.xcassets in Resources */ = {isa = PBXBuildFile; fileRef = 2012943C1A7F304B006B78DE /* Images.xcassets */; };
		201294401A7F304B006B78DE /* LaunchScreen.xib in Resources */ = {isa = PBXBuildFile; fileRef = 2012943E1A7F304B006B78DE /* LaunchScreen.xib */; };
		2012944C1A7F304C006B78DE /* Planet_MathTests.m in Sources */ = {isa = PBXBuildFile; fileRef = 2012944B1A7F304C006B78DE /* Planet_MathTests.m */; };
/* End PBXBuildFile section */

/* Begin PBXContainerItemProxy section */
		201294461A7F304C006B78DE /* PBXContainerItemProxy */ = {
			isa = PBXContainerItemProxy;
			containerPortal = 201294211A7F304B006B78DE /* Project object */;
			proxyType = 1;
			remoteGlobalIDString = 201294281A7F304B006B78DE;
			remoteInfo = "Planet Math";
		};
/* End PBXContainerItemProxy section */

/* Begin PBXFileReference section */
		201294291A7F304B006B78DE /* Planet Math.app */ = {isa = PBXFileReference; explicitFileType = wrapper.application; includeInIndex = 0; path = "Planet Math.app"; sourceTree = BUILT_PRODUCTS_DIR; };
		2012942D1A7F304B006B78DE /* Info.plist */ = {isa = PBXFileReference; lastKnownFileType = text.plist.xml; path = Info.plist; sourceTree = "<group>"; };
		2012942E1A7F304B006B78DE /* main.m */ = {isa = PBXFileReference; lastKnownFileType = sourcecode.c.objc; path = main.m; sourceTree = "<group>"; };
		201294301A7F304B006B78DE /* AppDelegate.h */ = {isa = PBXFileReference; lastKnownFileType = sourcecode.c.h; path = AppDelegate.h; sourceTree = "<group>"; };
		201294311A7F304B006B78DE /* AppDelegate.m */ = {isa = PBXFileReference; lastKnownFileType = sourcecode.c.objc; path = AppDelegate.m; sourceTree = "<group>"; };
		201294331A7F304B006B78DE /* MasterViewController.h */ = {isa = PBXFileReference; lastKnownFileType = sourcecode.c.h; path = MasterViewController.h; sourceTree = "<group>"; };
		201294341A7F304B006B78DE /* MasterViewController.m */ = {isa = PBXFileReference; lastKnownFileType = sourcecode.c.objc; path = MasterViewController.m; sourceTree = "<group>"; };
		201294361A7F304B006B78DE /* DetailViewController.h */ = {isa = PBXFileReference; lastKnownFileType = sourcecode.c.h; path = DetailViewController.h; sourceTree = "<group>"; };
		201294371A7F304B006B78DE /* DetailViewController.m */ = {isa = PBXFileReference; lastKnownFileType = sourcecode.c.objc; path = DetailViewController.m; sourceTree = "<group>"; };
		2012943A1A7F304B006B78DE /* Base */ = {isa = PBXFileReference; lastKnownFileType = file.storyboard; name = Base; path = Base.lproj/Main.storyboard; sourceTree = "<group>"; };
		2012943C1A7F304B006B78DE /* Images.xcassets */ = {isa = PBXFileReference; lastKnownFileType = folder.assetcatalog; path = Images.xcassets; sourceTree = "<group>"; };
		2012943F1A7F304B006B78DE /* Base */ = {isa = PBXFileReference; lastKnownFileType = file.xib; name = Base; path = Base.lproj/LaunchScreen.xib; sourceTree = "<group>"; };
		201294451A7F304C006B78DE /* Planet MathTests.xctest */ = {isa = PBXFileReference; explicitFileType = wrapper.cfbundle; includeInIndex = 0; path = "Planet MathTests.xctest"; sourceTree = BUILT_PRODUCTS_DIR; };
		2012944A1A7F304C006B78DE /* Info.plist */ = {isa = PBXFileReference; lastKnownFileType = text.plist.xml; path = Info.plist; sourceTree = "<group>"; };
		2012944B1A7F304C006B78DE /* Planet_MathTests.m */ = {isa = PBXFileReference; lastKnownFileType = sourcecode.c.objc; path = Planet_MathTests.m; sourceTree = "<group>"; };
/* End PBXFileReference section */

/* Begin PBXFrameworksBuildPhase section */
		201294261A7F304B006B78DE /* Frameworks */ = {
			isa = PBXFrameworksBuildPhase;
			buildActionMask = 2147483647;
			files = (
			);
			runOnlyForDeploymentPostprocessing = 0;
		};
		201294421A7F304C006B78DE /* Frameworks */ = {
			isa = PBXFrameworksBuildPhase;
			buildActionMask = 2147483647;
			files = (
			);
			runOnlyForDeploymentPostprocessing = 0;
		};
/* End PBXFrameworksBuildPhase section */

/* Begin PBXGroup section */
		201294201A7F304B006B78DE = {
			isa = PBXGroup;
			children = (
				2012942B1A7F304B006B78DE /* Planet Math */,
				201294481A7F304C006B78DE /* Planet MathTests */,
				2012942A1A7F304B006B78DE /* Products */,
			);
			sourceTree = "<group>";
		};
		2012942A1A7F304B006B78DE /* Products */ = {
			isa = PBXGroup;
			children = (
				201294291A7F304B006B78DE /* Planet Math.app */,
				201294451A7F304C006B78DE /* Planet MathTests.xctest */,
			);
			name = Products;
			sourceTree = "<group>";
		};
		2012942B1A7F304B006B78DE /* Planet Math */ = {
			isa = PBXGroup;
			children = (
				201294301A7F304B006B78DE /* AppDelegate.h */,
				201294311A7F304B006B78DE /* AppDelegate.m */,
				201294331A7F304B006B78DE /* MasterViewController.h */,
				201294341A7F304B006B78DE /* MasterViewController.m */,
				201294361A7F304B006B78DE /* DetailViewController.h */,
				201294371A7F304B006B78DE /* DetailViewController.m */,
				201294391A7F304B006B78DE /* Main.storyboard */,
				2012943C1A7F304B006B78DE /* Images.xcassets */,
				2012943E1A7F304B006B78DE /* LaunchScreen.xib */,
				2012942C1A7F304B006B78DE /* Supporting Files */,
			);
			path = "Planet Math";
			sourceTree = "<group>";
		};
		2012942C1A7F304B006B78DE /* Supporting Files */ = {
			isa = PBXGroup;
			children = (
				2012942D1A7F304B006B78DE /* Info.plist */,
				2012942E1A7F304B006B78DE /* main.m */,
			);
			name = "Supporting Files";
			sourceTree = "<group>";
		};
		201294481A7F304C006B78DE /* Planet MathTests */ = {
			isa = PBXGroup;
			children = (
				2012944B1A7F304C006B78DE /* Planet_MathTests.m */,
				201294491A7F304C006B78DE /* Supporting Files */,
			);
			path = "Planet MathTests";
			sourceTree = "<group>";
		};
		201294491A7F304C006B78DE /* Supporting Files */ = {
			isa = PBXGroup;
			children = (
				2012944A1A7F304C006B78DE /* Info.plist */,
			);
			name = "Supporting Files";
			sourceTree = "<group>";
		};
/* End PBXGroup section */

/* Begin PBXNativeTarget section */
		201294281A7F304B006B78DE /* Planet Math */ = {
			isa = PBXNativeTarget;
			buildConfigurationList = 2012944F1A7F304C006B78DE /* Build configuration list for PBXNativeTarget "Planet Math" */;
			buildPhases = (
				201294251A7F304B006B78DE /* Sources */,
				201294261A7F304B006B78DE /* Frameworks */,
				201294271A7F304B006B78DE /* Resources */,
			);
			buildRules = (
			);
			dependencies = (
			);
			name = "Planet Math";
			productName = "Planet Math";
			productReference = 201294291A7F304B006B78DE /* Planet Math.app */;
			productType = "com.apple.product-type.application";
		};
		201294441A7F304C006B78DE /* Planet MathTests */ = {
			isa = PBXNativeTarget;
			buildConfigurationList = 201294521A7F304C006B78DE /* Build configuration list for PBXNativeTarget "Planet MathTests" */;
			buildPhases = (
				201294411A7F304C006B78DE /* Sources */,
				201294421A7F304C006B78DE /* Frameworks */,
				201294431A7F304C006B78DE /* Resources */,
			);
			buildRules = (
			);
			dependencies = (
				201294471A7F304C006B78DE /* PBXTargetDependency */,
			);
			name = "Planet MathTests";
			productName = "Planet MathTests";
			productReference = 201294451A7F304C006B78DE /* Planet MathTests.xctest */;
			productType = "com.apple.product-type.bundle.unit-test";
		};
/* End PBXNativeTarget section */

/* Begin PBXProject section */
		201294211A7F304B006B78DE /* Project object */ = {
			isa = PBXProject;
			attributes = {
				LastUpgradeCheck = 0620;
				ORGANIZATIONNAME = "Samuel Arseneault";
				TargetAttributes = {
					201294281A7F304B006B78DE = {
						CreatedOnToolsVersion = 6.2;
					};
					201294441A7F304C006B78DE = {
						CreatedOnToolsVersion = 6.2;
						TestTargetID = 201294281A7F304B006B78DE;
					};
				};
			};
			buildConfigurationList = 201294241A7F304B006B78DE /* Build configuration list for PBXProject "Planet Math" */;
			compatibilityVersion = "Xcode 3.2";
			developmentRegion = English;
			hasScannedForEncodings = 0;
			knownRegions = (
				en,
				Base,
			);
			mainGroup = 201294201A7F304B006B78DE;
			productRefGroup = 2012942A1A7F304B006B78DE /* Products */;
			projectDirPath = "";
			projectRoot = "";
			targets = (
				201294281A7F304B006B78DE /* Planet Math */,
				201294441A7F304C006B78DE /* Planet MathTests */,
			);
		};
/* End PBXProject section */

/* Begin PBXResourcesBuildPhase section */
		201294271A7F304B006B78DE /* Resources */ = {
			isa = PBXResourcesBuildPhase;
			buildActionMask = 2147483647;
			files = (
				2012943B1A7F304B006B78DE /* Main.storyboard in Resources */,
				201294401A7F304B006B78DE /* LaunchScreen.xib in Resources */,
				2012943D1A7F304B006B78DE /* Images.xcassets in Resources */,
			);
			runOnlyForDeploymentPostprocessing = 0;
		};
		201294431A7F304C006B78DE /* Resources */ = {
			isa = PBXResourcesBuildPhase;
			buildActionMask = 2147483647;
			files = (
			);
			runOnlyForDeploymentPostprocessing = 0;
		};
/* End PBXResourcesBuildPhase section */

/* Begin PBXSourcesBuildPhase section */
		201294251A7F304B006B78DE /* Sources */ = {
			isa = PBXSourcesBuildPhase;
			buildActionMask = 2147483647;
			files = (
				201294321A7F304B006B78DE /* AppDelegate.m in Sources */,
				201294351A7F304B006B78DE /* MasterViewController.m in Sources */,
				2012942F1A7F304B006B78DE /* main.m in Sources */,
				201294381A7F304B006B78DE /* DetailViewController.m in Sources */,
			);
			runOnlyForDeploymentPostprocessing = 0;
		};
		201294411A7F304C006B78DE /* Sources */ = {
			isa = PBXSourcesBuildPhase;
			buildActionMask = 2147483647;
			files = (
				2012944C1A7F304C006B78DE /* Planet_MathTests.m in Sources */,
			);
			runOnlyForDeploymentPostprocessing = 0;
		};
/* End PBXSourcesBuildPhase section */

/* Begin PBXTargetDependency section */
		201294471A7F304C006B78DE /* PBXTargetDependency */ = {
			isa = PBXTargetDependency;
			target = 201294281A7F304B006B78DE /* Planet Math */;
			targetProxy = 201294461A7F304C006B78DE /* PBXContainerItemProxy */;
		};
/* End PBXTargetDependency section */

/* Begin PBXVariantGroup section */
		201294391A7F304B006B78DE /* Main.storyboard */ = {
			isa = PBXVariantGroup;
			children = (
				2012943A1A7F304B006B78DE /* Base */,
			);
			name = Main.storyboard;
			sourceTree = "<group>";
		};
		2012943E1A7F304B006B78DE /* LaunchScreen.xib */ = {
			isa = PBXVariantGroup;
			children = (
				2012943F1A7F304B006B78DE /* Base */,
			);
			name = LaunchScreen.xib;
			sourceTree = "<group>";
		};
/* End PBXVariantGroup section */

/* Begin XCBuildConfiguration section */
		2012944D1A7F304C006B78DE /* Debug */ = {
			isa = XCBuildConfiguration;
			buildSettings = {
				ALWAYS_SEARCH_USER_PATHS = NO;
				CLANG_CXX_LANGUAGE_STANDARD = "gnu++0x";
				CLANG_CXX_LIBRARY = "libc++";
				CLANG_ENABLE_MODULES = YES;
				CLANG_ENABLE_OBJC_ARC = YES;
				CLANG_WARN_BOOL_CONVERSION = YES;
				CLANG_WARN_CONSTANT_CONVERSION = YES;
				CLANG_WARN_DIRECT_OBJC_ISA_USAGE = YES_ERROR;
				CLANG_WARN_EMPTY_BODY = YES;
				CLANG_WARN_ENUM_CONVERSION = YES;
				CLANG_WARN_INT_CONVERSION = YES;
				CLANG_WARN_OBJC_ROOT_CLASS = YES_ERROR;
				CLANG_WARN_UNREACHABLE_CODE = YES;
				CLANG_WARN__DUPLICATE_METHOD_MATCH = YES;
				"CODE_SIGN_IDENTITY[sdk=iphoneos*]" = "iPhone Developer";
				COPY_PHASE_STRIP = NO;
				ENABLE_STRICT_OBJC_MSGSEND = YES;
				GCC_C_LANGUAGE_STANDARD = gnu99;
				GCC_DYNAMIC_NO_PIC = NO;
				GCC_OPTIMIZATION_LEVEL = 0;
				GCC_PREPROCESSOR_DEFINITIONS = (
					"DEBUG=1",
					"$(inherited)",
				);
				GCC_SYMBOLS_PRIVATE_EXTERN = NO;
				GCC_WARN_64_TO_32_BIT_CONVERSION = YES;
				GCC_WARN_ABOUT_RETURN_TYPE = YES_ERROR;
				GCC_WARN_UNDECLARED_SELECTOR = YES;
				GCC_WARN_UNINITIALIZED_AUTOS = YES_AGGRESSIVE;
				GCC_WARN_UNUSED_FUNCTION = YES;
				GCC_WARN_UNUSED_VARIABLE = YES;
				IPHONEOS_DEPLOYMENT_TARGET = 8.2;
				MTL_ENABLE_DEBUG_INFO = YES;
				ONLY_ACTIVE_ARCH = YES;
				SDKROOT = iphoneos;
				TARGETED_DEVICE_FAMILY = 2;
			};
			name = Debug;
		};
		2012944E1A7F304C006B78DE /* Release */ = {
			isa = XCBuildConfiguration;
			buildSettings = {
				ALWAYS_SEARCH_USER_PATHS = NO;
				CLANG_CXX_LANGUAGE_STANDARD = "gnu++0x";
				CLANG_CXX_LIBRARY = "libc++";
				CLANG_ENABLE_MODULES = YES;
				CLANG_ENABLE_OBJC_ARC = YES;
				CLANG_WARN_BOOL_CONVERSION = YES;
				CLANG_WARN_CONSTANT_CONVERSION = YES;
				CLANG_WARN_DIRECT_OBJC_ISA_USAGE = YES_ERROR;
				CLANG_WARN_EMPTY_BODY = YES;
				CLANG_WARN_ENUM_CONVERSION = YES;
				CLANG_WARN_INT_CONVERSION = YES;
				CLANG_WARN_OBJC_ROOT_CLASS = YES_ERROR;
				CLANG_WARN_UNREACHABLE_CODE = YES;
				CLANG_WARN__DUPLICATE_METHOD_MATCH = YES;
				"CODE_SIGN_IDENTITY[sdk=iphoneos*]" = "iPhone Developer";
				COPY_PHASE_STRIP = NO;
				ENABLE_NS_ASSERTIONS = NO;
				ENABLE_STRICT_OBJC_MSGSEND = YES;
				GCC_C_LANGUAGE_STANDARD = gnu99;
				GCC_WARN_64_TO_32_BIT_CONVERSION = YES;
				GCC_WARN_ABOUT_RETURN_TYPE = YES_ERROR;
				GCC_WARN_UNDECLARED_SELECTOR = YES;
				GCC_WARN_UNINITIALIZED_AUTOS = YES_AGGRESSIVE;
				GCC_WARN_UNUSED_FUNCTION = YES;
				GCC_WARN_UNUSED_VARIABLE = YES;
				IPHONEOS_DEPLOYMENT_TARGET = 8.2;
				MTL_ENABLE_DEBUG_INFO = NO;
				SDKROOT = iphoneos;
				TARGETED_DEVICE_FAMILY = 2;
				VALIDATE_PRODUCT = YES;
			};
			name = Release;
		};
		201294501A7F304C006B78DE /* Debug */ = {
			isa = XCBuildConfiguration;
			buildSettings = {
				ASSETCATALOG_COMPILER_APPICON_NAME = AppIcon;
				INFOPLIST_FILE = "Planet Math/Info.plist";
				LD_RUNPATH_SEARCH_PATHS = "$(inherited) @executable_path/Frameworks";
				PRODUCT_NAME = "$(TARGET_NAME)";
			};
			name = Debug;
		};
		201294511A7F304C006B78DE /* Release */ = {
			isa = XCBuildConfiguration;
			buildSettings = {
				ASSETCATALOG_COMPILER_APPICON_NAME = AppIcon;
				INFOPLIST_FILE = "Planet Math/Info.plist";
				LD_RUNPATH_SEARCH_PATHS = "$(inherited) @executable_path/Frameworks";
				PRODUCT_NAME = "$(TARGET_NAME)";
			};
			name = Release;
		};
		201294531A7F304C006B78DE /* Debug */ = {
			isa = XCBuildConfiguration;
			buildSettings = {
				BUNDLE_LOADER = "$(TEST_HOST)";
				FRAMEWORK_SEARCH_PATHS = (
					"$(SDKROOT)/Developer/Library/Frameworks",
					"$(inherited)",
				);
				GCC_PREPROCESSOR_DEFINITIONS = (
					"DEBUG=1",
					"$(inherited)",
				);
				INFOPLIST_FILE = "Planet MathTests/Info.plist";
				LD_RUNPATH_SEARCH_PATHS = "$(inherited) @executable_path/Frameworks @loader_path/Frameworks";
				PRODUCT_NAME = "$(TARGET_NAME)";
				TEST_HOST = "$(BUILT_PRODUCTS_DIR)/Planet Math.app/Planet Math";
			};
			name = Debug;
		};
		201294541A7F304C006B78DE /* Release */ = {
			isa = XCBuildConfiguration;
			buildSettings = {
				BUNDLE_LOADER = "$(TEST_HOST)";
				FRAMEWORK_SEARCH_PATHS = (
					"$(SDKROOT)/Developer/Library/Frameworks",
					"$(inherited)",
				);
				INFOPLIST_FILE = "Planet MathTests/Info.plist";
				LD_RUNPATH_SEARCH_PATHS = "$(inherited) @executable_path/Frameworks @loader_path/Frameworks";
				PRODUCT_NAME = "$(TARGET_NAME)";
				TEST_HOST = "$(BUILT_PRODUCTS_DIR)/Planet Math.app/Planet Math";
			};
			name = Release;
		};
/* End XCBuildConfiguration section */

/* Begin XCConfigurationList section */
		201294241A7F304B006B78DE /* Build configuration list for PBXProject "Planet Math" */ = {
			isa = XCConfigurationList;
			buildConfigurations = (
				2012944D1A7F304C006B78DE /* Debug */,
				2012944E1A7F304C006B78DE /* Release */,
			);
			defaultConfigurationIsVisible = 0;
			defaultConfigurationName = Release;
		};
		2012944F1A7F304C006B78DE /* Build configuration list for PBXNativeTarget "Planet Math" */ = {
			isa = XCConfigurationList;
			buildConfigurations = (
				201294501A7F304C006B78DE /* Debug */,
				201294511A7F304C006B78DE /* Release */,
			);
			defaultConfigurationIsVisible = 0;
		};
		201294521A7F304C006B78DE /* Build configuration list for PBXNativeTarget "Planet MathTests" */ = {
			isa = XCConfigurationList;
			buildConfigurations = (
				201294531A7F304C006B78DE /* Debug */,
				201294541A7F304C006B78DE /* Release */,
			);
			defaultConfigurationIsVisible = 0;
		};
/* End XCConfigurationList section */
	};
	rootObject = 201294211A7F304B006B78DE /* Project object */;
}
