// !$*UTF8*$!
{
	archiveVersion = 1;
	classes = {
	};
	objectVersion = 46;
	objects = {

/* Begin PBXBuildFile section */
		20CDDC1A1A89906A0011F784 /* main.m in Sources */ = {isa = PBXBuildFile; fileRef = 20CDDC191A89906A0011F784 /* main.m */; };
		20CDDC1D1A89906A0011F784 /* AppDelegate.m in Sources */ = {isa = PBXBuildFile; fileRef = 20CDDC1C1A89906A0011F784 /* AppDelegate.m */; };
		20CDDC201A89906A0011F784 /* FirstViewController.m in Sources */ = {isa = PBXBuildFile; fileRef = 20CDDC1F1A89906A0011F784 /* FirstViewController.m */; };
		20CDDC231A89906A0011F784 /* SecondViewController.m in Sources */ = {isa = PBXBuildFile; fileRef = 20CDDC221A89906A0011F784 /* SecondViewController.m */; };
		20CDDC261A89906A0011F784 /* Main.storyboard in Resources */ = {isa = PBXBuildFile; fileRef = 20CDDC241A89906A0011F784 /* Main.storyboard */; };
		20CDDC281A89906A0011F784 /* Images.xcassets in Resources */ = {isa = PBXBuildFile; fileRef = 20CDDC271A89906A0011F784 /* Images.xcassets */; };
		20CDDC2B1A89906A0011F784 /* LaunchScreen.xib in Resources */ = {isa = PBXBuildFile; fileRef = 20CDDC291A89906A0011F784 /* LaunchScreen.xib */; };
		20CDDC371A89906A0011F784 /* PirateMathAppTests.m in Sources */ = {isa = PBXBuildFile; fileRef = 20CDDC361A89906A0011F784 /* PirateMathAppTests.m */; };
/* End PBXBuildFile section */

/* Begin PBXContainerItemProxy section */
		20CDDC311A89906A0011F784 /* PBXContainerItemProxy */ = {
			isa = PBXContainerItemProxy;
			containerPortal = 20CDDC0C1A89906A0011F784 /* Project object */;
			proxyType = 1;
			remoteGlobalIDString = 20CDDC131A89906A0011F784;
			remoteInfo = PirateMathApp;
		};
/* End PBXContainerItemProxy section */

/* Begin PBXFileReference section */
		20CDDC141A89906A0011F784 /* PirateMathApp.app */ = {isa = PBXFileReference; explicitFileType = wrapper.application; includeInIndex = 0; path = PirateMathApp.app; sourceTree = BUILT_PRODUCTS_DIR; };
		20CDDC181A89906A0011F784 /* Info.plist */ = {isa = PBXFileReference; lastKnownFileType = text.plist.xml; path = Info.plist; sourceTree = "<group>"; };
		20CDDC191A89906A0011F784 /* main.m */ = {isa = PBXFileReference; lastKnownFileType = sourcecode.c.objc; path = main.m; sourceTree = "<group>"; };
		20CDDC1B1A89906A0011F784 /* AppDelegate.h */ = {isa = PBXFileReference; lastKnownFileType = sourcecode.c.h; path = AppDelegate.h; sourceTree = "<group>"; };
		20CDDC1C1A89906A0011F784 /* AppDelegate.m */ = {isa = PBXFileReference; lastKnownFileType = sourcecode.c.objc; path = AppDelegate.m; sourceTree = "<group>"; };
		20CDDC1E1A89906A0011F784 /* FirstViewController.h */ = {isa = PBXFileReference; lastKnownFileType = sourcecode.c.h; path = FirstViewController.h; sourceTree = "<group>"; };
		20CDDC1F1A89906A0011F784 /* FirstViewController.m */ = {isa = PBXFileReference; lastKnownFileType = sourcecode.c.objc; path = FirstViewController.m; sourceTree = "<group>"; };
		20CDDC211A89906A0011F784 /* SecondViewController.h */ = {isa = PBXFileReference; lastKnownFileType = sourcecode.c.h; path = SecondViewController.h; sourceTree = "<group>"; };
		20CDDC221A89906A0011F784 /* SecondViewController.m */ = {isa = PBXFileReference; lastKnownFileType = sourcecode.c.objc; path = SecondViewController.m; sourceTree = "<group>"; };
		20CDDC251A89906A0011F784 /* Base */ = {isa = PBXFileReference; lastKnownFileType = file.storyboard; name = Base; path = Base.lproj/Main.storyboard; sourceTree = "<group>"; };
		20CDDC271A89906A0011F784 /* Images.xcassets */ = {isa = PBXFileReference; lastKnownFileType = folder.assetcatalog; path = Images.xcassets; sourceTree = "<group>"; };
		20CDDC2A1A89906A0011F784 /* Base */ = {isa = PBXFileReference; lastKnownFileType = file.xib; name = Base; path = Base.lproj/LaunchScreen.xib; sourceTree = "<group>"; };
		20CDDC301A89906A0011F784 /* PirateMathAppTests.xctest */ = {isa = PBXFileReference; explicitFileType = wrapper.cfbundle; includeInIndex = 0; path = PirateMathAppTests.xctest; sourceTree = BUILT_PRODUCTS_DIR; };
		20CDDC351A89906A0011F784 /* Info.plist */ = {isa = PBXFileReference; lastKnownFileType = text.plist.xml; path = Info.plist; sourceTree = "<group>"; };
		20CDDC361A89906A0011F784 /* PirateMathAppTests.m */ = {isa = PBXFileReference; lastKnownFileType = sourcecode.c.objc; path = PirateMathAppTests.m; sourceTree = "<group>"; };
/* End PBXFileReference section */

/* Begin PBXFrameworksBuildPhase section */
		20CDDC111A89906A0011F784 /* Frameworks */ = {
			isa = PBXFrameworksBuildPhase;
			buildActionMask = 2147483647;
			files = (
			);
			runOnlyForDeploymentPostprocessing = 0;
		};
		20CDDC2D1A89906A0011F784 /* Frameworks */ = {
			isa = PBXFrameworksBuildPhase;
			buildActionMask = 2147483647;
			files = (
			);
			runOnlyForDeploymentPostprocessing = 0;
		};
/* End PBXFrameworksBuildPhase section */

/* Begin PBXGroup section */
		20CDDC0B1A89906A0011F784 = {
			isa = PBXGroup;
			children = (
				20CDDC161A89906A0011F784 /* PirateMathApp */,
				20CDDC331A89906A0011F784 /* PirateMathAppTests */,
				20CDDC151A89906A0011F784 /* Products */,
			);
			sourceTree = "<group>";
		};
		20CDDC151A89906A0011F784 /* Products */ = {
			isa = PBXGroup;
			children = (
				20CDDC141A89906A0011F784 /* PirateMathApp.app */,
				20CDDC301A89906A0011F784 /* PirateMathAppTests.xctest */,
			);
			name = Products;
			sourceTree = "<group>";
		};
		20CDDC161A89906A0011F784 /* PirateMathApp */ = {
			isa = PBXGroup;
			children = (
				20CDDC1B1A89906A0011F784 /* AppDelegate.h */,
				20CDDC1C1A89906A0011F784 /* AppDelegate.m */,
				20CDDC1E1A89906A0011F784 /* FirstViewController.h */,
				20CDDC1F1A89906A0011F784 /* FirstViewController.m */,
				20CDDC211A89906A0011F784 /* SecondViewController.h */,
				20CDDC221A89906A0011F784 /* SecondViewController.m */,
				20CDDC241A89906A0011F784 /* Main.storyboard */,
				20CDDC271A89906A0011F784 /* Images.xcassets */,
				20CDDC291A89906A0011F784 /* LaunchScreen.xib */,
				20CDDC171A89906A0011F784 /* Supporting Files */,
			);
			path = PirateMathApp;
			sourceTree = "<group>";
		};
		20CDDC171A89906A0011F784 /* Supporting Files */ = {
			isa = PBXGroup;
			children = (
				20CDDC181A89906A0011F784 /* Info.plist */,
				20CDDC191A89906A0011F784 /* main.m */,
			);
			name = "Supporting Files";
			sourceTree = "<group>";
		};
		20CDDC331A89906A0011F784 /* PirateMathAppTests */ = {
			isa = PBXGroup;
			children = (
				20CDDC361A89906A0011F784 /* PirateMathAppTests.m */,
				20CDDC341A89906A0011F784 /* Supporting Files */,
			);
			path = PirateMathAppTests;
			sourceTree = "<group>";
		};
		20CDDC341A89906A0011F784 /* Supporting Files */ = {
			isa = PBXGroup;
			children = (
				20CDDC351A89906A0011F784 /* Info.plist */,
			);
			name = "Supporting Files";
			sourceTree = "<group>";
		};
/* End PBXGroup section */

/* Begin PBXNativeTarget section */
		20CDDC131A89906A0011F784 /* PirateMathApp */ = {
			isa = PBXNativeTarget;
			buildConfigurationList = 20CDDC3A1A89906A0011F784 /* Build configuration list for PBXNativeTarget "PirateMathApp" */;
			buildPhases = (
				20CDDC101A89906A0011F784 /* Sources */,
				20CDDC111A89906A0011F784 /* Frameworks */,
				20CDDC121A89906A0011F784 /* Resources */,
			);
			buildRules = (
			);
			dependencies = (
			);
			name = PirateMathApp;
			productName = PirateMathApp;
			productReference = 20CDDC141A89906A0011F784 /* PirateMathApp.app */;
			productType = "com.apple.product-type.application";
		};
		20CDDC2F1A89906A0011F784 /* PirateMathAppTests */ = {
			isa = PBXNativeTarget;
			buildConfigurationList = 20CDDC3D1A89906A0011F784 /* Build configuration list for PBXNativeTarget "PirateMathAppTests" */;
			buildPhases = (
				20CDDC2C1A89906A0011F784 /* Sources */,
				20CDDC2D1A89906A0011F784 /* Frameworks */,
				20CDDC2E1A89906A0011F784 /* Resources */,
			);
			buildRules = (
			);
			dependencies = (
				20CDDC321A89906A0011F784 /* PBXTargetDependency */,
			);
			name = PirateMathAppTests;
			productName = PirateMathAppTests;
			productReference = 20CDDC301A89906A0011F784 /* PirateMathAppTests.xctest */;
			productType = "com.apple.product-type.bundle.unit-test";
		};
/* End PBXNativeTarget section */

/* Begin PBXProject section */
		20CDDC0C1A89906A0011F784 /* Project object */ = {
			isa = PBXProject;
			attributes = {
				LastUpgradeCheck = 0610;
				ORGANIZATIONNAME = "Samuel Arseneault";
				TargetAttributes = {
					20CDDC131A89906A0011F784 = {
						CreatedOnToolsVersion = 6.1.1;
					};
					20CDDC2F1A89906A0011F784 = {
						CreatedOnToolsVersion = 6.1.1;
						TestTargetID = 20CDDC131A89906A0011F784;
					};
				};
			};
			buildConfigurationList = 20CDDC0F1A89906A0011F784 /* Build configuration list for PBXProject "PirateMathApp" */;
			compatibilityVersion = "Xcode 3.2";
			developmentRegion = English;
			hasScannedForEncodings = 0;
			knownRegions = (
				en,
				Base,
			);
			mainGroup = 20CDDC0B1A89906A0011F784;
			productRefGroup = 20CDDC151A89906A0011F784 /* Products */;
			projectDirPath = "";
			projectRoot = "";
			targets = (
				20CDDC131A89906A0011F784 /* PirateMathApp */,
				20CDDC2F1A89906A0011F784 /* PirateMathAppTests */,
			);
		};
/* End PBXProject section */

/* Begin PBXResourcesBuildPhase section */
		20CDDC121A89906A0011F784 /* Resources */ = {
			isa = PBXResourcesBuildPhase;
			buildActionMask = 2147483647;
			files = (
				20CDDC261A89906A0011F784 /* Main.storyboard in Resources */,
				20CDDC2B1A89906A0011F784 /* LaunchScreen.xib in Resources */,
				20CDDC281A89906A0011F784 /* Images.xcassets in Resources */,
			);
			runOnlyForDeploymentPostprocessing = 0;
		};
		20CDDC2E1A89906A0011F784 /* Resources */ = {
			isa = PBXResourcesBuildPhase;
			buildActionMask = 2147483647;
			files = (
			);
			runOnlyForDeploymentPostprocessing = 0;
		};
/* End PBXResourcesBuildPhase section */

/* Begin PBXSourcesBuildPhase section */
		20CDDC101A89906A0011F784 /* Sources */ = {
			isa = PBXSourcesBuildPhase;
			buildActionMask = 2147483647;
			files = (
				20CDDC231A89906A0011F784 /* SecondViewController.m in Sources */,
				20CDDC1D1A89906A0011F784 /* AppDelegate.m in Sources */,
				20CDDC201A89906A0011F784 /* FirstViewController.m in Sources */,
				20CDDC1A1A89906A0011F784 /* main.m in Sources */,
			);
			runOnlyForDeploymentPostprocessing = 0;
		};
		20CDDC2C1A89906A0011F784 /* Sources */ = {
			isa = PBXSourcesBuildPhase;
			buildActionMask = 2147483647;
			files = (
				20CDDC371A89906A0011F784 /* PirateMathAppTests.m in Sources */,
			);
			runOnlyForDeploymentPostprocessing = 0;
		};
/* End PBXSourcesBuildPhase section */

/* Begin PBXTargetDependency section */
		20CDDC321A89906A0011F784 /* PBXTargetDependency */ = {
			isa = PBXTargetDependency;
			target = 20CDDC131A89906A0011F784 /* PirateMathApp */;
			targetProxy = 20CDDC311A89906A0011F784 /* PBXContainerItemProxy */;
		};
/* End PBXTargetDependency section */

/* Begin PBXVariantGroup section */
		20CDDC241A89906A0011F784 /* Main.storyboard */ = {
			isa = PBXVariantGroup;
			children = (
				20CDDC251A89906A0011F784 /* Base */,
			);
			name = Main.storyboard;
			sourceTree = "<group>";
		};
		20CDDC291A89906A0011F784 /* LaunchScreen.xib */ = {
			isa = PBXVariantGroup;
			children = (
				20CDDC2A1A89906A0011F784 /* Base */,
			);
			name = LaunchScreen.xib;
			sourceTree = "<group>";
		};
/* End PBXVariantGroup section */

/* Begin XCBuildConfiguration section */
		20CDDC381A89906A0011F784 /* Debug */ = {
			isa = XCBuildConfiguration;
			buildSettings = {
				ALWAYS_SEARCH_USER_PATHS = NO;
				CLANG_CXX_LANGUAGE_STANDARD = "gnu++0x";
				CLANG_CXX_LIBRARY = "libc++";
				CLANG_ENABLE_MODULES = YES;
				CLANG_ENABLE_OBJC_ARC = YES;
				CLANG_WARN_BOOL_CONVERSION = YES;
				CLANG_WARN_CONSTANT_CONVERSION = YES;
				CLANG_WARN_DIRECT_OBJC_ISA_USAGE = YES_ERROR;
				CLANG_WARN_EMPTY_BODY = YES;
				CLANG_WARN_ENUM_CONVERSION = YES;
				CLANG_WARN_INT_CONVERSION = YES;
				CLANG_WARN_OBJC_ROOT_CLASS = YES_ERROR;
				CLANG_WARN_UNREACHABLE_CODE = YES;
				CLANG_WARN__DUPLICATE_METHOD_MATCH = YES;
				"CODE_SIGN_IDENTITY[sdk=iphoneos*]" = "iPhone Developer";
				COPY_PHASE_STRIP = NO;
				ENABLE_STRICT_OBJC_MSGSEND = YES;
				GCC_C_LANGUAGE_STANDARD = gnu99;
				GCC_DYNAMIC_NO_PIC = NO;
				GCC_OPTIMIZATION_LEVEL = 0;
				GCC_PREPROCESSOR_DEFINITIONS = (
					"DEBUG=1",
					"$(inherited)",
				);
				GCC_SYMBOLS_PRIVATE_EXTERN = NO;
				GCC_WARN_64_TO_32_BIT_CONVERSION = YES;
				GCC_WARN_ABOUT_RETURN_TYPE = YES_ERROR;
				GCC_WARN_UNDECLARED_SELECTOR = YES;
				GCC_WARN_UNINITIALIZED_AUTOS = YES_AGGRESSIVE;
				GCC_WARN_UNUSED_FUNCTION = YES;
				GCC_WARN_UNUSED_VARIABLE = YES;
				IPHONEOS_DEPLOYMENT_TARGET = 8.1;
				MTL_ENABLE_DEBUG_INFO = YES;
				ONLY_ACTIVE_ARCH = YES;
				SDKROOT = iphoneos;
				TARGETED_DEVICE_FAMILY = 2;
			};
			name = Debug;
		};
		20CDDC391A89906A0011F784 /* Release */ = {
			isa = XCBuildConfiguration;
			buildSettings = {
				ALWAYS_SEARCH_USER_PATHS = NO;
				CLANG_CXX_LANGUAGE_STANDARD = "gnu++0x";
				CLANG_CXX_LIBRARY = "libc++";
				CLANG_ENABLE_MODULES = YES;
				CLANG_ENABLE_OBJC_ARC = YES;
				CLANG_WARN_BOOL_CONVERSION = YES;
				CLANG_WARN_CONSTANT_CONVERSION = YES;
				CLANG_WARN_DIRECT_OBJC_ISA_USAGE = YES_ERROR;
				CLANG_WARN_EMPTY_BODY = YES;
				CLANG_WARN_ENUM_CONVERSION = YES;
				CLANG_WARN_INT_CONVERSION = YES;
				CLANG_WARN_OBJC_ROOT_CLASS = YES_ERROR;
				CLANG_WARN_UNREACHABLE_CODE = YES;
				CLANG_WARN__DUPLICATE_METHOD_MATCH = YES;
				"CODE_SIGN_IDENTITY[sdk=iphoneos*]" = "iPhone Developer";
				COPY_PHASE_STRIP = YES;
				ENABLE_NS_ASSERTIONS = NO;
				ENABLE_STRICT_OBJC_MSGSEND = YES;
				GCC_C_LANGUAGE_STANDARD = gnu99;
				GCC_WARN_64_TO_32_BIT_CONVERSION = YES;
				GCC_WARN_ABOUT_RETURN_TYPE = YES_ERROR;
				GCC_WARN_UNDECLARED_SELECTOR = YES;
				GCC_WARN_UNINITIALIZED_AUTOS = YES_AGGRESSIVE;
				GCC_WARN_UNUSED_FUNCTION = YES;
				GCC_WARN_UNUSED_VARIABLE = YES;
				IPHONEOS_DEPLOYMENT_TARGET = 8.1;
				MTL_ENABLE_DEBUG_INFO = NO;
				SDKROOT = iphoneos;
				TARGETED_DEVICE_FAMILY = 2;
				VALIDATE_PRODUCT = YES;
			};
			name = Release;
		};
		20CDDC3B1A89906A0011F784 /* Debug */ = {
			isa = XCBuildConfiguration;
			buildSettings = {
				ASSETCATALOG_COMPILER_APPICON_NAME = AppIcon;
				INFOPLIST_FILE = PirateMathApp/Info.plist;
				LD_RUNPATH_SEARCH_PATHS = "$(inherited) @executable_path/Frameworks";
				PRODUCT_NAME = "$(TARGET_NAME)";
			};
			name = Debug;
		};
		20CDDC3C1A89906A0011F784 /* Release */ = {
			isa = XCBuildConfiguration;
			buildSettings = {
				ASSETCATALOG_COMPILER_APPICON_NAME = AppIcon;
				INFOPLIST_FILE = PirateMathApp/Info.plist;
				LD_RUNPATH_SEARCH_PATHS = "$(inherited) @executable_path/Frameworks";
				PRODUCT_NAME = "$(TARGET_NAME)";
			};
			name = Release;
		};
		20CDDC3E1A89906A0011F784 /* Debug */ = {
			isa = XCBuildConfiguration;
			buildSettings = {
				BUNDLE_LOADER = "$(TEST_HOST)";
				FRAMEWORK_SEARCH_PATHS = (
					"$(SDKROOT)/Developer/Library/Frameworks",
					"$(inherited)",
				);
				GCC_PREPROCESSOR_DEFINITIONS = (
					"DEBUG=1",
					"$(inherited)",
				);
				INFOPLIST_FILE = PirateMathAppTests/Info.plist;
				LD_RUNPATH_SEARCH_PATHS = "$(inherited) @executable_path/Frameworks @loader_path/Frameworks";
				PRODUCT_NAME = "$(TARGET_NAME)";
				TEST_HOST = "$(BUILT_PRODUCTS_DIR)/PirateMathApp.app/PirateMathApp";
			};
			name = Debug;
		};
		20CDDC3F1A89906A0011F784 /* Release */ = {
			isa = XCBuildConfiguration;
			buildSettings = {
				BUNDLE_LOADER = "$(TEST_HOST)";
				FRAMEWORK_SEARCH_PATHS = (
					"$(SDKROOT)/Developer/Library/Frameworks",
					"$(inherited)",
				);
				INFOPLIST_FILE = PirateMathAppTests/Info.plist;
				LD_RUNPATH_SEARCH_PATHS = "$(inherited) @executable_path/Frameworks @loader_path/Frameworks";
				PRODUCT_NAME = "$(TARGET_NAME)";
				TEST_HOST = "$(BUILT_PRODUCTS_DIR)/PirateMathApp.app/PirateMathApp";
			};
			name = Release;
		};
/* End XCBuildConfiguration section */

/* Begin XCConfigurationList section */
		20CDDC0F1A89906A0011F784 /* Build configuration list for PBXProject "PirateMathApp" */ = {
			isa = XCConfigurationList;
			buildConfigurations = (
				20CDDC381A89906A0011F784 /* Debug */,
				20CDDC391A89906A0011F784 /* Release */,
			);
			defaultConfigurationIsVisible = 0;
			defaultConfigurationName = Release;
		};
		20CDDC3A1A89906A0011F784 /* Build configuration list for PBXNativeTarget "PirateMathApp" */ = {
			isa = XCConfigurationList;
			buildConfigurations = (
				20CDDC3B1A89906A0011F784 /* Debug */,
				20CDDC3C1A89906A0011F784 /* Release */,
			);
			defaultConfigurationIsVisible = 0;
		};
		20CDDC3D1A89906A0011F784 /* Build configuration list for PBXNativeTarget "PirateMathAppTests" */ = {
			isa = XCConfigurationList;
			buildConfigurations = (
				20CDDC3E1A89906A0011F784 /* Debug */,
				20CDDC3F1A89906A0011F784 /* Release */,
			);
			defaultConfigurationIsVisible = 0;
		};
/* End XCConfigurationList section */
	};
	rootObject = 20CDDC0C1A89906A0011F784 /* Project object */;
}
