// !$*UTF8*$!
{
	archiveVersion = 1;
	classes = {
	};
	objectVersion = 46;
	objects = {

/* Begin PBXBuildFile section */
		200B08041AA4E52A000E404A /* main.m in Sources */ = {isa = PBXBuildFile; fileRef = 200B08031AA4E52A000E404A /* main.m */; };
		200B08071AA4E52A000E404A /* AppDelegate.m in Sources */ = {isa = PBXBuildFile; fileRef = 200B08061AA4E52A000E404A /* AppDelegate.m */; };
		200B080A1AA4E52A000E404A /* ViewController.m in Sources */ = {isa = PBXBuildFile; fileRef = 200B08091AA4E52A000E404A /* ViewController.m */; };
		200B080F1AA4E52A000E404A /* Images.xcassets in Resources */ = {isa = PBXBuildFile; fileRef = 200B080E1AA4E52A000E404A /* Images.xcassets */; };
		200B08121AA4E52A000E404A /* LaunchScreen.xib in Resources */ = {isa = PBXBuildFile; fileRef = 200B08101AA4E52A000E404A /* LaunchScreen.xib */; };
		200B081E1AA4E52A000E404A /* GraylingMathAppTests.m in Sources */ = {isa = PBXBuildFile; fileRef = 200B081D1AA4E52A000E404A /* GraylingMathAppTests.m */; };
		200B08331AA4E63A000E404A /* carHorn.mp3 in Resources */ = {isa = PBXBuildFile; fileRef = 200B08271AA4E63A000E404A /* carHorn.mp3 */; };
		200B08341AA4E63A000E404A /* eightTile.png in Resources */ = {isa = PBXBuildFile; fileRef = 200B08281AA4E63A000E404A /* eightTile.png */; };
		200B08351AA4E63A000E404A /* fiveTile.png in Resources */ = {isa = PBXBuildFile; fileRef = 200B08291AA4E63A000E404A /* fiveTile.png */; };
		200B08361AA4E63A000E404A /* fourTile.png in Resources */ = {isa = PBXBuildFile; fileRef = 200B082A1AA4E63A000E404A /* fourTile.png */; };
		200B08371AA4E63A000E404A /* nineTile.png in Resources */ = {isa = PBXBuildFile; fileRef = 200B082B1AA4E63A000E404A /* nineTile.png */; };
		200B08381AA4E63A000E404A /* oneTile.png in Resources */ = {isa = PBXBuildFile; fileRef = 200B082C1AA4E63A000E404A /* oneTile.png */; };
		200B08391AA4E63A000E404A /* raceCarButton.png in Resources */ = {isa = PBXBuildFile; fileRef = 200B082D1AA4E63A000E404A /* raceCarButton.png */; };
		200B083A1AA4E63A000E404A /* sevenTile.png in Resources */ = {isa = PBXBuildFile; fileRef = 200B082E1AA4E63A000E404A /* sevenTile.png */; };
		200B083B1AA4E63A000E404A /* sixTile.png in Resources */ = {isa = PBXBuildFile; fileRef = 200B082F1AA4E63A000E404A /* sixTile.png */; };
		200B083C1AA4E63A000E404A /* threeTile.png in Resources */ = {isa = PBXBuildFile; fileRef = 200B08301AA4E63A000E404A /* threeTile.png */; };
		200B083D1AA4E63A000E404A /* twoTile.png in Resources */ = {isa = PBXBuildFile; fileRef = 200B08311AA4E63A000E404A /* twoTile.png */; };
		200B083E1AA4E63A000E404A /* zeroTile.png in Resources */ = {isa = PBXBuildFile; fileRef = 200B08321AA4E63A000E404A /* zeroTile.png */; };
		200B08461AA4E6AB000E404A /* FirstViewController.m in Sources */ = {isa = PBXBuildFile; fileRef = 200B08421AA4E6AB000E404A /* FirstViewController.m */; };
		200B08471AA4E6AB000E404A /* TileView.m in Sources */ = {isa = PBXBuildFile; fileRef = 200B08441AA4E6AB000E404A /* TileView.m */; };
		200B08491AA4E89C000E404A /* QuartzCore.framework in Frameworks */ = {isa = PBXBuildFile; fileRef = 200B08481AA4E89C000E404A /* QuartzCore.framework */; };
		200B084B1AA4E8A3000E404A /* CoreGraphics.framework in Frameworks */ = {isa = PBXBuildFile; fileRef = 200B084A1AA4E8A3000E404A /* CoreGraphics.framework */; };
		200B084D1AA4E8A9000E404A /* UIKit.framework in Frameworks */ = {isa = PBXBuildFile; fileRef = 200B084C1AA4E8A9000E404A /* UIKit.framework */; };
		200B084F1AA4E8AF000E404A /* Foundation.framework in Frameworks */ = {isa = PBXBuildFile; fileRef = 200B084E1AA4E8AF000E404A /* Foundation.framework */; };
		200B08511AA4E8B5000E404A /* AVFoundation.framework in Frameworks */ = {isa = PBXBuildFile; fileRef = 200B08501AA4E8B5000E404A /* AVFoundation.framework */; };
		200B08541AA4F397000E404A /* calcView.m in Sources */ = {isa = PBXBuildFile; fileRef = 200B08531AA4F397000E404A /* calcView.m */; };
		200B08571AA4F48A000E404A /* HomeView.m in Sources */ = {isa = PBXBuildFile; fileRef = 200B08561AA4F48A000E404A /* HomeView.m */; };
		20407B6E1AA5031000E536AB /* Main.storyboard in Resources */ = {isa = PBXBuildFile; fileRef = 20407B6C1AA5031000E536AB /* Main.storyboard */; };
		B28C2DFD1AA5FDAD00AEC7CB /* Scan0001(rough 2).jpg in Resources */ = {isa = PBXBuildFile; fileRef = B28C2DFA1AA5FDAD00AEC7CB /* Scan0001(rough 2).jpg */; };
		B28C2DFE1AA5FDAD00AEC7CB /* Scan0002(rough2).jpg in Resources */ = {isa = PBXBuildFile; fileRef = B28C2DFB1AA5FDAD00AEC7CB /* Scan0002(rough2).jpg */; };
		B28C2DFF1AA5FDAD00AEC7CB /* Scan0003(rough2).jpg in Resources */ = {isa = PBXBuildFile; fileRef = B28C2DFC1AA5FDAD00AEC7CB /* Scan0003(rough2).jpg */; };
/* End PBXBuildFile section */

/* Begin PBXContainerItemProxy section */
		200B08181AA4E52A000E404A /* PBXContainerItemProxy */ = {
			isa = PBXContainerItemProxy;
			containerPortal = 200B07F61AA4E52A000E404A /* Project object */;
			proxyType = 1;
			remoteGlobalIDString = 200B07FD1AA4E52A000E404A;
			remoteInfo = GraylingMathApp;
		};
/* End PBXContainerItemProxy section */

/* Begin PBXFileReference section */
		200B07FE1AA4E52A000E404A /* GraylingMathApp.app */ = {isa = PBXFileReference; explicitFileType = wrapper.application; includeInIndex = 0; path = GraylingMathApp.app; sourceTree = BUILT_PRODUCTS_DIR; };
		200B08021AA4E52A000E404A /* Info.plist */ = {isa = PBXFileReference; lastKnownFileType = text.plist.xml; path = Info.plist; sourceTree = "<group>"; };
		200B08031AA4E52A000E404A /* main.m */ = {isa = PBXFileReference; lastKnownFileType = sourcecode.c.objc; path = main.m; sourceTree = "<group>"; };
		200B08051AA4E52A000E404A /* AppDelegate.h */ = {isa = PBXFileReference; lastKnownFileType = sourcecode.c.h; path = AppDelegate.h; sourceTree = "<group>"; };
		200B08061AA4E52A000E404A /* AppDelegate.m */ = {isa = PBXFileReference; lastKnownFileType = sourcecode.c.objc; path = AppDelegate.m; sourceTree = "<group>"; };
		200B08081AA4E52A000E404A /* ViewController.h */ = {isa = PBXFileReference; lastKnownFileType = sourcecode.c.h; path = ViewController.h; sourceTree = "<group>"; };
		200B08091AA4E52A000E404A /* ViewController.m */ = {isa = PBXFileReference; lastKnownFileType = sourcecode.c.objc; path = ViewController.m; sourceTree = "<group>"; };
		200B080E1AA4E52A000E404A /* Images.xcassets */ = {isa = PBXFileReference; lastKnownFileType = folder.assetcatalog; path = Images.xcassets; sourceTree = "<group>"; };
		200B08111AA4E52A000E404A /* Base */ = {isa = PBXFileReference; lastKnownFileType = file.xib; name = Base; path = Base.lproj/LaunchScreen.xib; sourceTree = "<group>"; };
		200B08171AA4E52A000E404A /* GraylingMathAppTests.xctest */ = {isa = PBXFileReference; explicitFileType = wrapper.cfbundle; includeInIndex = 0; path = GraylingMathAppTests.xctest; sourceTree = BUILT_PRODUCTS_DIR; };
		200B081C1AA4E52A000E404A /* Info.plist */ = {isa = PBXFileReference; lastKnownFileType = text.plist.xml; path = Info.plist; sourceTree = "<group>"; };
		200B081D1AA4E52A000E404A /* GraylingMathAppTests.m */ = {isa = PBXFileReference; lastKnownFileType = sourcecode.c.objc; path = GraylingMathAppTests.m; sourceTree = "<group>"; };
		200B08271AA4E63A000E404A /* carHorn.mp3 */ = {isa = PBXFileReference; lastKnownFileType = audio.mp3; name = carHorn.mp3; path = Assets/carHorn.mp3; sourceTree = SOURCE_ROOT; };
		200B08281AA4E63A000E404A /* eightTile.png */ = {isa = PBXFileReference; lastKnownFileType = image.png; name = eightTile.png; path = Assets/eightTile.png; sourceTree = SOURCE_ROOT; };
		200B08291AA4E63A000E404A /* fiveTile.png */ = {isa = PBXFileReference; lastKnownFileType = image.png; name = fiveTile.png; path = Assets/fiveTile.png; sourceTree = SOURCE_ROOT; };
		200B082A1AA4E63A000E404A /* fourTile.png */ = {isa = PBXFileReference; lastKnownFileType = image.png; name = fourTile.png; path = Assets/fourTile.png; sourceTree = SOURCE_ROOT; };
		200B082B1AA4E63A000E404A /* nineTile.png */ = {isa = PBXFileReference; lastKnownFileType = image.png; name = nineTile.png; path = Assets/nineTile.png; sourceTree = SOURCE_ROOT; };
		200B082C1AA4E63A000E404A /* oneTile.png */ = {isa = PBXFileReference; lastKnownFileType = image.png; name = oneTile.png; path = Assets/oneTile.png; sourceTree = SOURCE_ROOT; };
		200B082D1AA4E63A000E404A /* raceCarButton.png */ = {isa = PBXFileReference; lastKnownFileType = image.png; name = raceCarButton.png; path = Assets/raceCarButton.png; sourceTree = SOURCE_ROOT; };
		200B082E1AA4E63A000E404A /* sevenTile.png */ = {isa = PBXFileReference; lastKnownFileType = image.png; name = sevenTile.png; path = Assets/sevenTile.png; sourceTree = SOURCE_ROOT; };
		200B082F1AA4E63A000E404A /* sixTile.png */ = {isa = PBXFileReference; lastKnownFileType = image.png; name = sixTile.png; path = Assets/sixTile.png; sourceTree = SOURCE_ROOT; };
		200B08301AA4E63A000E404A /* threeTile.png */ = {isa = PBXFileReference; lastKnownFileType = image.png; name = threeTile.png; path = Assets/threeTile.png; sourceTree = SOURCE_ROOT; };
		200B08311AA4E63A000E404A /* twoTile.png */ = {isa = PBXFileReference; lastKnownFileType = image.png; name = twoTile.png; path = Assets/twoTile.png; sourceTree = SOURCE_ROOT; };
		200B08321AA4E63A000E404A /* zeroTile.png */ = {isa = PBXFileReference; lastKnownFileType = image.png; name = zeroTile.png; path = Assets/zeroTile.png; sourceTree = SOURCE_ROOT; };
		200B08411AA4E6AB000E404A /* FirstViewController.h */ = {isa = PBXFileReference; fileEncoding = 4; lastKnownFileType = sourcecode.c.h; path = FirstViewController.h; sourceTree = "<group>"; };
		200B08421AA4E6AB000E404A /* FirstViewController.m */ = {isa = PBXFileReference; fileEncoding = 4; lastKnownFileType = sourcecode.c.objc; path = FirstViewController.m; sourceTree = "<group>"; };
		200B08431AA4E6AB000E404A /* TileView.h */ = {isa = PBXFileReference; fileEncoding = 4; lastKnownFileType = sourcecode.c.h; path = TileView.h; sourceTree = "<group>"; };
		200B08441AA4E6AB000E404A /* TileView.m */ = {isa = PBXFileReference; fileEncoding = 4; lastKnownFileType = sourcecode.c.objc; path = TileView.m; sourceTree = "<group>"; };
		200B08481AA4E89C000E404A /* QuartzCore.framework */ = {isa = PBXFileReference; lastKnownFileType = wrapper.framework; name = QuartzCore.framework; path = System/Library/Frameworks/QuartzCore.framework; sourceTree = SDKROOT; };
		200B084A1AA4E8A3000E404A /* CoreGraphics.framework */ = {isa = PBXFileReference; lastKnownFileType = wrapper.framework; name = CoreGraphics.framework; path = System/Library/Frameworks/CoreGraphics.framework; sourceTree = SDKROOT; };
		200B084C1AA4E8A9000E404A /* UIKit.framework */ = {isa = PBXFileReference; lastKnownFileType = wrapper.framework; name = UIKit.framework; path = System/Library/Frameworks/UIKit.framework; sourceTree = SDKROOT; };
		200B084E1AA4E8AF000E404A /* Foundation.framework */ = {isa = PBXFileReference; lastKnownFileType = wrapper.framework; name = Foundation.framework; path = System/Library/Frameworks/Foundation.framework; sourceTree = SDKROOT; };
		200B08501AA4E8B5000E404A /* AVFoundation.framework */ = {isa = PBXFileReference; lastKnownFileType = wrapper.framework; name = AVFoundation.framework; path = System/Library/Frameworks/AVFoundation.framework; sourceTree = SDKROOT; };
		200B08521AA4F397000E404A /* calcView.h */ = {isa = PBXFileReference; fileEncoding = 4; lastKnownFileType = sourcecode.c.h; path = calcView.h; sourceTree = "<group>"; };
		200B08531AA4F397000E404A /* calcView.m */ = {isa = PBXFileReference; fileEncoding = 4; lastKnownFileType = sourcecode.c.objc; path = calcView.m; sourceTree = "<group>"; };
		200B08551AA4F48A000E404A /* HomeView.h */ = {isa = PBXFileReference; fileEncoding = 4; lastKnownFileType = sourcecode.c.h; path = HomeView.h; sourceTree = "<group>"; };
		200B08561AA4F48A000E404A /* HomeView.m */ = {isa = PBXFileReference; fileEncoding = 4; lastKnownFileType = sourcecode.c.objc; path = HomeView.m; sourceTree = "<group>"; };
		20407B6D1AA5031000E536AB /* Base */ = {isa = PBXFileReference; lastKnownFileType = file.storyboard; name = Base; path = Base.lproj/Main.storyboard; sourceTree = "<group>"; };
		B28C2DFA1AA5FDAD00AEC7CB /* Scan0001(rough 2).jpg */ = {isa = PBXFileReference; lastKnownFileType = image.jpeg; name = "Scan0001(rough 2).jpg"; path = "Assets/Scan0001(rough 2).jpg"; sourceTree = SOURCE_ROOT; };
		B28C2DFB1AA5FDAD00AEC7CB /* Scan0002(rough2).jpg */ = {isa = PBXFileReference; lastKnownFileType = image.jpeg; name = "Scan0002(rough2).jpg"; path = "Assets/Scan0002(rough2).jpg"; sourceTree = SOURCE_ROOT; };
		B28C2DFC1AA5FDAD00AEC7CB /* Scan0003(rough2).jpg */ = {isa = PBXFileReference; lastKnownFileType = image.jpeg; name = "Scan0003(rough2).jpg"; path = "Assets/Scan0003(rough2).jpg"; sourceTree = SOURCE_ROOT; };
/* End PBXFileReference section */

/* Begin PBXFrameworksBuildPhase section */
		200B07FB1AA4E52A000E404A /* Frameworks */ = {
			isa = PBXFrameworksBuildPhase;
			buildActionMask = 2147483647;
			files = (
				200B08511AA4E8B5000E404A /* AVFoundation.framework in Frameworks */,
				200B084F1AA4E8AF000E404A /* Foundation.framework in Frameworks */,
				200B084D1AA4E8A9000E404A /* UIKit.framework in Frameworks */,
				200B084B1AA4E8A3000E404A /* CoreGraphics.framework in Frameworks */,
				200B08491AA4E89C000E404A /* QuartzCore.framework in Frameworks */,
			);
			runOnlyForDeploymentPostprocessing = 0;
		};
		200B08141AA4E52A000E404A /* Frameworks */ = {
			isa = PBXFrameworksBuildPhase;
			buildActionMask = 2147483647;
			files = (
			);
			runOnlyForDeploymentPostprocessing = 0;
		};
/* End PBXFrameworksBuildPhase section */

/* Begin PBXGroup section */
		200B07F51AA4E52A000E404A = {
			isa = PBXGroup;
			children = (
				200B08501AA4E8B5000E404A /* AVFoundation.framework */,
				200B084E1AA4E8AF000E404A /* Foundation.framework */,
				200B084C1AA4E8A9000E404A /* UIKit.framework */,
				200B084A1AA4E8A3000E404A /* CoreGraphics.framework */,
				200B08481AA4E89C000E404A /* QuartzCore.framework */,
				200B08001AA4E52A000E404A /* GraylingMathApp */,
				200B081A1AA4E52A000E404A /* GraylingMathAppTests */,
				200B07FF1AA4E52A000E404A /* Products */,
			);
			sourceTree = "<group>";
		};
		200B07FF1AA4E52A000E404A /* Products */ = {
			isa = PBXGroup;
			children = (
				200B07FE1AA4E52A000E404A /* GraylingMathApp.app */,
				200B08171AA4E52A000E404A /* GraylingMathAppTests.xctest */,
			);
			name = Products;
			sourceTree = "<group>";
		};
		200B08001AA4E52A000E404A /* GraylingMathApp */ = {
			isa = PBXGroup;
			children = (
				200B08551AA4F48A000E404A /* HomeView.h */,
				200B08561AA4F48A000E404A /* HomeView.m */,
				200B08521AA4F397000E404A /* calcView.h */,
				200B08531AA4F397000E404A /* calcView.m */,
				200B08411AA4E6AB000E404A /* FirstViewController.h */,
				200B08421AA4E6AB000E404A /* FirstViewController.m */,
				200B08431AA4E6AB000E404A /* TileView.h */,
				200B08441AA4E6AB000E404A /* TileView.m */,
				200B08051AA4E52A000E404A /* AppDelegate.h */,
				200B08061AA4E52A000E404A /* AppDelegate.m */,
				200B08081AA4E52A000E404A /* ViewController.h */,
				200B08091AA4E52A000E404A /* ViewController.m */,
				20407B6C1AA5031000E536AB /* Main.storyboard */,
				200B080E1AA4E52A000E404A /* Images.xcassets */,
				200B08101AA4E52A000E404A /* LaunchScreen.xib */,
				200B08011AA4E52A000E404A /* Supporting Files */,
			);
			path = GraylingMathApp;
			sourceTree = "<group>";
		};
		200B08011AA4E52A000E404A /* Supporting Files */ = {
			isa = PBXGroup;
			children = (
				B28C2DFA1AA5FDAD00AEC7CB /* Scan0001(rough 2).jpg */,
				B28C2DFB1AA5FDAD00AEC7CB /* Scan0002(rough2).jpg */,
				B28C2DFC1AA5FDAD00AEC7CB /* Scan0003(rough2).jpg */,
				200B08271AA4E63A000E404A /* carHorn.mp3 */,
				200B08281AA4E63A000E404A /* eightTile.png */,
				200B08291AA4E63A000E404A /* fiveTile.png */,
				200B082A1AA4E63A000E404A /* fourTile.png */,
				200B082B1AA4E63A000E404A /* nineTile.png */,
				200B082C1AA4E63A000E404A /* oneTile.png */,
				200B082D1AA4E63A000E404A /* raceCarButton.png */,
				200B082E1AA4E63A000E404A /* sevenTile.png */,
				200B082F1AA4E63A000E404A /* sixTile.png */,
				200B08301AA4E63A000E404A /* threeTile.png */,
				200B08311AA4E63A000E404A /* twoTile.png */,
				200B08321AA4E63A000E404A /* zeroTile.png */,
				200B08021AA4E52A000E404A /* Info.plist */,
				200B08031AA4E52A000E404A /* main.m */,
			);
			name = "Supporting Files";
			sourceTree = "<group>";
		};
		200B081A1AA4E52A000E404A /* GraylingMathAppTests */ = {
			isa = PBXGroup;
			children = (
				200B081D1AA4E52A000E404A /* GraylingMathAppTests.m */,
				200B081B1AA4E52A000E404A /* Supporting Files */,
			);
			path = GraylingMathAppTests;
			sourceTree = "<group>";
		};
		200B081B1AA4E52A000E404A /* Supporting Files */ = {
			isa = PBXGroup;
			children = (
				200B081C1AA4E52A000E404A /* Info.plist */,
			);
			name = "Supporting Files";
			sourceTree = "<group>";
		};
/* End PBXGroup section */

/* Begin PBXNativeTarget section */
		200B07FD1AA4E52A000E404A /* GraylingMathApp */ = {
			isa = PBXNativeTarget;
			buildConfigurationList = 200B08211AA4E52A000E404A /* Build configuration list for PBXNativeTarget "GraylingMathApp" */;
			buildPhases = (
				200B07FA1AA4E52A000E404A /* Sources */,
				200B07FB1AA4E52A000E404A /* Frameworks */,
				200B07FC1AA4E52A000E404A /* Resources */,
			);
			buildRules = (
			);
			dependencies = (
			);
			name = GraylingMathApp;
			productName = GraylingMathApp;
			productReference = 200B07FE1AA4E52A000E404A /* GraylingMathApp.app */;
			productType = "com.apple.product-type.application";
		};
		200B08161AA4E52A000E404A /* GraylingMathAppTests */ = {
			isa = PBXNativeTarget;
			buildConfigurationList = 200B08241AA4E52A000E404A /* Build configuration list for PBXNativeTarget "GraylingMathAppTests" */;
			buildPhases = (
				200B08131AA4E52A000E404A /* Sources */,
				200B08141AA4E52A000E404A /* Frameworks */,
				200B08151AA4E52A000E404A /* Resources */,
			);
			buildRules = (
			);
			dependencies = (
				200B08191AA4E52A000E404A /* PBXTargetDependency */,
			);
			name = GraylingMathAppTests;
			productName = GraylingMathAppTests;
			productReference = 200B08171AA4E52A000E404A /* GraylingMathAppTests.xctest */;
			productType = "com.apple.product-type.bundle.unit-test";
		};
/* End PBXNativeTarget section */

/* Begin PBXProject section */
		200B07F61AA4E52A000E404A /* Project object */ = {
			isa = PBXProject;
			attributes = {
				LastUpgradeCheck = 0610;
				ORGANIZATIONNAME = "Samuel Arseneault";
				TargetAttributes = {
					200B07FD1AA4E52A000E404A = {
						CreatedOnToolsVersion = 6.1.1;
					};
					200B08161AA4E52A000E404A = {
						CreatedOnToolsVersion = 6.1.1;
						TestTargetID = 200B07FD1AA4E52A000E404A;
					};
				};
			};
			buildConfigurationList = 200B07F91AA4E52A000E404A /* Build configuration list for PBXProject "GraylingMathApp" */;
			compatibilityVersion = "Xcode 3.2";
			developmentRegion = English;
			hasScannedForEncodings = 0;
			knownRegions = (
				en,
				Base,
			);
			mainGroup = 200B07F51AA4E52A000E404A;
			productRefGroup = 200B07FF1AA4E52A000E404A /* Products */;
			projectDirPath = "";
			projectRoot = "";
			targets = (
				200B07FD1AA4E52A000E404A /* GraylingMathApp */,
				200B08161AA4E52A000E404A /* GraylingMathAppTests */,
			);
		};
/* End PBXProject section */

/* Begin PBXResourcesBuildPhase section */
		200B07FC1AA4E52A000E404A /* Resources */ = {
			isa = PBXResourcesBuildPhase;
			buildActionMask = 2147483647;
			files = (
				200B08361AA4E63A000E404A /* fourTile.png in Resources */,
				200B083A1AA4E63A000E404A /* sevenTile.png in Resources */,
				B28C2DFD1AA5FDAD00AEC7CB /* Scan0001(rough 2).jpg in Resources */,
				200B083E1AA4E63A000E404A /* zeroTile.png in Resources */,
				200B08391AA4E63A000E404A /* raceCarButton.png in Resources */,
				200B08381AA4E63A000E404A /* oneTile.png in Resources */,
				200B083C1AA4E63A000E404A /* threeTile.png in Resources */,
				20407B6E1AA5031000E536AB /* Main.storyboard in Resources */,
				200B083D1AA4E63A000E404A /* twoTile.png in Resources */,
				200B08121AA4E52A000E404A /* LaunchScreen.xib in Resources */,
				200B08331AA4E63A000E404A /* carHorn.mp3 in Resources */,
				B28C2DFE1AA5FDAD00AEC7CB /* Scan0002(rough2).jpg in Resources */,
				200B080F1AA4E52A000E404A /* Images.xcassets in Resources */,
				200B083B1AA4E63A000E404A /* sixTile.png in Resources */,
				200B08341AA4E63A000E404A /* eightTile.png in Resources */,
				B28C2DFF1AA5FDAD00AEC7CB /* Scan0003(rough2).jpg in Resources */,
				200B08351AA4E63A000E404A /* fiveTile.png in Resources */,
				200B08371AA4E63A000E404A /* nineTile.png in Resources */,
			);
			runOnlyForDeploymentPostprocessing = 0;
		};
		200B08151AA4E52A000E404A /* Resources */ = {
			isa = PBXResourcesBuildPhase;
			buildActionMask = 2147483647;
			files = (
			);
			runOnlyForDeploymentPostprocessing = 0;
		};
/* End PBXResourcesBuildPhase section */

/* Begin PBXSourcesBuildPhase section */
		200B07FA1AA4E52A000E404A /* Sources */ = {
			isa = PBXSourcesBuildPhase;
			buildActionMask = 2147483647;
			files = (
				200B080A1AA4E52A000E404A /* ViewController.m in Sources */,
				200B08071AA4E52A000E404A /* AppDelegate.m in Sources */,
				200B08471AA4E6AB000E404A /* TileView.m in Sources */,
				200B08571AA4F48A000E404A /* HomeView.m in Sources */,
				200B08541AA4F397000E404A /* calcView.m in Sources */,
				200B08461AA4E6AB000E404A /* FirstViewController.m in Sources */,
				200B08041AA4E52A000E404A /* main.m in Sources */,
			);
			runOnlyForDeploymentPostprocessing = 0;
		};
		200B08131AA4E52A000E404A /* Sources */ = {
			isa = PBXSourcesBuildPhase;
			buildActionMask = 2147483647;
			files = (
				200B081E1AA4E52A000E404A /* GraylingMathAppTests.m in Sources */,
			);
			runOnlyForDeploymentPostprocessing = 0;
		};
/* End PBXSourcesBuildPhase section */

/* Begin PBXTargetDependency section */
		200B08191AA4E52A000E404A /* PBXTargetDependency */ = {
			isa = PBXTargetDependency;
			target = 200B07FD1AA4E52A000E404A /* GraylingMathApp */;
			targetProxy = 200B08181AA4E52A000E404A /* PBXContainerItemProxy */;
		};
/* End PBXTargetDependency section */

/* Begin PBXVariantGroup section */
		200B08101AA4E52A000E404A /* LaunchScreen.xib */ = {
			isa = PBXVariantGroup;
			children = (
				200B08111AA4E52A000E404A /* Base */,
			);
			name = LaunchScreen.xib;
			sourceTree = "<group>";
		};
		20407B6C1AA5031000E536AB /* Main.storyboard */ = {
			isa = PBXVariantGroup;
			children = (
				20407B6D1AA5031000E536AB /* Base */,
			);
			name = Main.storyboard;
			sourceTree = "<group>";
		};
/* End PBXVariantGroup section */

/* Begin XCBuildConfiguration section */
		200B081F1AA4E52A000E404A /* Debug */ = {
			isa = XCBuildConfiguration;
			buildSettings = {
				ALWAYS_SEARCH_USER_PATHS = NO;
				CLANG_CXX_LANGUAGE_STANDARD = "gnu++0x";
				CLANG_CXX_LIBRARY = "libc++";
				CLANG_ENABLE_MODULES = YES;
				CLANG_ENABLE_OBJC_ARC = YES;
				CLANG_WARN_BOOL_CONVERSION = YES;
				CLANG_WARN_CONSTANT_CONVERSION = YES;
				CLANG_WARN_DIRECT_OBJC_ISA_USAGE = YES_ERROR;
				CLANG_WARN_EMPTY_BODY = YES;
				CLANG_WARN_ENUM_CONVERSION = YES;
				CLANG_WARN_INT_CONVERSION = YES;
				CLANG_WARN_OBJC_ROOT_CLASS = YES_ERROR;
				CLANG_WARN_UNREACHABLE_CODE = YES;
				CLANG_WARN__DUPLICATE_METHOD_MATCH = YES;
				"CODE_SIGN_IDENTITY[sdk=iphoneos*]" = "iPhone Developer";
				COPY_PHASE_STRIP = NO;
				ENABLE_STRICT_OBJC_MSGSEND = YES;
				GCC_C_LANGUAGE_STANDARD = gnu99;
				GCC_DYNAMIC_NO_PIC = NO;
				GCC_OPTIMIZATION_LEVEL = 0;
				GCC_PREPROCESSOR_DEFINITIONS = (
					"DEBUG=1",
					"$(inherited)",
				);
				GCC_SYMBOLS_PRIVATE_EXTERN = NO;
				GCC_WARN_64_TO_32_BIT_CONVERSION = YES;
				GCC_WARN_ABOUT_RETURN_TYPE = YES_ERROR;
				GCC_WARN_UNDECLARED_SELECTOR = YES;
				GCC_WARN_UNINITIALIZED_AUTOS = YES_AGGRESSIVE;
				GCC_WARN_UNUSED_FUNCTION = YES;
				GCC_WARN_UNUSED_VARIABLE = YES;
				IPHONEOS_DEPLOYMENT_TARGET = 8.1;
				MTL_ENABLE_DEBUG_INFO = YES;
				ONLY_ACTIVE_ARCH = YES;
				SDKROOT = iphoneos;
				TARGETED_DEVICE_FAMILY = 2;
			};
			name = Debug;
		};
		200B08201AA4E52A000E404A /* Release */ = {
			isa = XCBuildConfiguration;
			buildSettings = {
				ALWAYS_SEARCH_USER_PATHS = NO;
				CLANG_CXX_LANGUAGE_STANDARD = "gnu++0x";
				CLANG_CXX_LIBRARY = "libc++";
				CLANG_ENABLE_MODULES = YES;
				CLANG_ENABLE_OBJC_ARC = YES;
				CLANG_WARN_BOOL_CONVERSION = YES;
				CLANG_WARN_CONSTANT_CONVERSION = YES;
				CLANG_WARN_DIRECT_OBJC_ISA_USAGE = YES_ERROR;
				CLANG_WARN_EMPTY_BODY = YES;
				CLANG_WARN_ENUM_CONVERSION = YES;
				CLANG_WARN_INT_CONVERSION = YES;
				CLANG_WARN_OBJC_ROOT_CLASS = YES_ERROR;
				CLANG_WARN_UNREACHABLE_CODE = YES;
				CLANG_WARN__DUPLICATE_METHOD_MATCH = YES;
				"CODE_SIGN_IDENTITY[sdk=iphoneos*]" = "iPhone Developer";
				COPY_PHASE_STRIP = YES;
				ENABLE_NS_ASSERTIONS = NO;
				ENABLE_STRICT_OBJC_MSGSEND = YES;
				GCC_C_LANGUAGE_STANDARD = gnu99;
				GCC_WARN_64_TO_32_BIT_CONVERSION = YES;
				GCC_WARN_ABOUT_RETURN_TYPE = YES_ERROR;
				GCC_WARN_UNDECLARED_SELECTOR = YES;
				GCC_WARN_UNINITIALIZED_AUTOS = YES_AGGRESSIVE;
				GCC_WARN_UNUSED_FUNCTION = YES;
				GCC_WARN_UNUSED_VARIABLE = YES;
				IPHONEOS_DEPLOYMENT_TARGET = 8.1;
				MTL_ENABLE_DEBUG_INFO = NO;
				SDKROOT = iphoneos;
				TARGETED_DEVICE_FAMILY = 2;
				VALIDATE_PRODUCT = YES;
			};
			name = Release;
		};
		200B08221AA4E52A000E404A /* Debug */ = {
			isa = XCBuildConfiguration;
			buildSettings = {
				ASSETCATALOG_COMPILER_APPICON_NAME = AppIcon;
				INFOPLIST_FILE = GraylingMathApp/Info.plist;
				LD_RUNPATH_SEARCH_PATHS = "$(inherited) @executable_path/Frameworks";
				PRODUCT_NAME = "$(TARGET_NAME)";
			};
			name = Debug;
		};
		200B08231AA4E52A000E404A /* Release */ = {
			isa = XCBuildConfiguration;
			buildSettings = {
				ASSETCATALOG_COMPILER_APPICON_NAME = AppIcon;
				INFOPLIST_FILE = GraylingMathApp/Info.plist;
				LD_RUNPATH_SEARCH_PATHS = "$(inherited) @executable_path/Frameworks";
				PRODUCT_NAME = "$(TARGET_NAME)";
			};
			name = Release;
		};
		200B08251AA4E52A000E404A /* Debug */ = {
			isa = XCBuildConfiguration;
			buildSettings = {
				BUNDLE_LOADER = "$(TEST_HOST)";
				FRAMEWORK_SEARCH_PATHS = (
					"$(SDKROOT)/Developer/Library/Frameworks",
					"$(inherited)",
				);
				GCC_PREPROCESSOR_DEFINITIONS = (
					"DEBUG=1",
					"$(inherited)",
				);
				INFOPLIST_FILE = GraylingMathAppTests/Info.plist;
				LD_RUNPATH_SEARCH_PATHS = "$(inherited) @executable_path/Frameworks @loader_path/Frameworks";
				PRODUCT_NAME = "$(TARGET_NAME)";
				TEST_HOST = "$(BUILT_PRODUCTS_DIR)/GraylingMathApp.app/GraylingMathApp";
			};
			name = Debug;
		};
		200B08261AA4E52A000E404A /* Release */ = {
			isa = XCBuildConfiguration;
			buildSettings = {
				BUNDLE_LOADER = "$(TEST_HOST)";
				FRAMEWORK_SEARCH_PATHS = (
					"$(SDKROOT)/Developer/Library/Frameworks",
					"$(inherited)",
				);
				INFOPLIST_FILE = GraylingMathAppTests/Info.plist;
				LD_RUNPATH_SEARCH_PATHS = "$(inherited) @executable_path/Frameworks @loader_path/Frameworks";
				PRODUCT_NAME = "$(TARGET_NAME)";
				TEST_HOST = "$(BUILT_PRODUCTS_DIR)/GraylingMathApp.app/GraylingMathApp";
			};
			name = Release;
		};
/* End XCBuildConfiguration section */

/* Begin XCConfigurationList section */
		200B07F91AA4E52A000E404A /* Build configuration list for PBXProject "GraylingMathApp" */ = {
			isa = XCConfigurationList;
			buildConfigurations = (
				200B081F1AA4E52A000E404A /* Debug */,
				200B08201AA4E52A000E404A /* Release */,
			);
			defaultConfigurationIsVisible = 0;
			defaultConfigurationName = Release;
		};
		200B08211AA4E52A000E404A /* Build configuration list for PBXNativeTarget "GraylingMathApp" */ = {
			isa = XCConfigurationList;
			buildConfigurations = (
				200B08221AA4E52A000E404A /* Debug */,
				200B08231AA4E52A000E404A /* Release */,
			);
			defaultConfigurationIsVisible = 0;
			defaultConfigurationName = Release;
		};
		200B08241AA4E52A000E404A /* Build configuration list for PBXNativeTarget "GraylingMathAppTests" */ = {
			isa = XCConfigurationList;
			buildConfigurations = (
				200B08251AA4E52A000E404A /* Debug */,
				200B08261AA4E52A000E404A /* Release */,
			);
			defaultConfigurationIsVisible = 0;
			defaultConfigurationName = Release;
		};
/* End XCConfigurationList section */
	};
	rootObject = 200B07F61AA4E52A000E404A /* Project object */;
}
