// !$*UTF8*$!
{
	archiveVersion = 1;
	classes = {
	};
	objectVersion = 46;
	objects = {

/* Begin PBXBuildFile section */
		200B08041AA4E52A000E404A /* main.m in Sources */ = {isa = PBXBuildFile; fileRef = 200B08031AA4E52A000E404A /* main.m */; };
		200B08071AA4E52A000E404A /* AppDelegate.m in Sources */ = {isa = PBXBuildFile; fileRef = 200B08061AA4E52A000E404A /* AppDelegate.m */; };
		200B08121AA4E52A000E404A /* LaunchScreen.xib in Resources */ = {isa = PBXBuildFile; fileRef = 200B08101AA4E52A000E404A /* LaunchScreen.xib */; };
		200B081E1AA4E52A000E404A /* GraylingMathAppTests.m in Sources */ = {isa = PBXBuildFile; fileRef = 200B081D1AA4E52A000E404A /* GraylingMathAppTests.m */; };
		200B08331AA4E63A000E404A /* carHorn.mp3 in Resources */ = {isa = PBXBuildFile; fileRef = 200B08271AA4E63A000E404A /* carHorn.mp3 */; };
		200B08391AA4E63A000E404A /* raceCarButton.png in Resources */ = {isa = PBXBuildFile; fileRef = 200B082D1AA4E63A000E404A /* raceCarButton.png */; };
		200B08461AA4E6AB000E404A /* FirstViewController.m in Sources */ = {isa = PBXBuildFile; fileRef = 200B08421AA4E6AB000E404A /* FirstViewController.m */; };
		200B08491AA4E89C000E404A /* QuartzCore.framework in Frameworks */ = {isa = PBXBuildFile; fileRef = 200B08481AA4E89C000E404A /* QuartzCore.framework */; };
		200B084B1AA4E8A3000E404A /* CoreGraphics.framework in Frameworks */ = {isa = PBXBuildFile; fileRef = 200B084A1AA4E8A3000E404A /* CoreGraphics.framework */; };
		200B084D1AA4E8A9000E404A /* UIKit.framework in Frameworks */ = {isa = PBXBuildFile; fileRef = 200B084C1AA4E8A9000E404A /* UIKit.framework */; };
		200B084F1AA4E8AF000E404A /* Foundation.framework in Frameworks */ = {isa = PBXBuildFile; fileRef = 200B084E1AA4E8AF000E404A /* Foundation.framework */; };
		200B08511AA4E8B5000E404A /* AVFoundation.framework in Frameworks */ = {isa = PBXBuildFile; fileRef = 200B08501AA4E8B5000E404A /* AVFoundation.framework */; };
		200B08571AA4F48A000E404A /* HomeView.m in Sources */ = {isa = PBXBuildFile; fileRef = 200B08561AA4F48A000E404A /* HomeView.m */; };
		2036F4841AC53E90006ACE12 /* Images.xcassets in Resources */ = {isa = PBXBuildFile; fileRef = 2036F4831AC53E90006ACE12 /* Images.xcassets */; };
		20407B6E1AA5031000E536AB /* Main.storyboard in Resources */ = {isa = PBXBuildFile; fileRef = 20407B6C1AA5031000E536AB /* Main.storyboard */; };
		204D000B1ABE146400BE3A2F /* TestLevelView.m in Sources */ = {isa = PBXBuildFile; fileRef = 204D000A1ABE146400BE3A2F /* TestLevelView.m */; };
		204D00171ABE197E00BE3A2F /* PracticeLevelView.m in Sources */ = {isa = PBXBuildFile; fileRef = 204D00161ABE197E00BE3A2F /* PracticeLevelView.m */; };
		2068F7821ABE481F0074BB25 /* TypeSelect.m in Sources */ = {isa = PBXBuildFile; fileRef = 2068F7811ABE481F0074BB25 /* TypeSelect.m */; };
		2068F7841ABE7A4E0074BB25 /* tire-tracks.jpg in Resources */ = {isa = PBXBuildFile; fileRef = 2068F7831ABE7A4E0074BB25 /* tire-tracks.jpg */; };
		2074BC211AB6769200D49D86 /* ClassLogin.m in Sources */ = {isa = PBXBuildFile; fileRef = 2074BC201AB6769200D49D86 /* ClassLogin.m */; };
		2074BC241AB6790900D49D86 /* StudentLogin.m in Sources */ = {isa = PBXBuildFile; fileRef = 2074BC221AB6790900D49D86 /* StudentLogin.m */; };
		2077BD291AC8389A00CD7BA0 /* car_blueR.png in Resources */ = {isa = PBXBuildFile; fileRef = 2077BD211AC8389A00CD7BA0 /* car_blueR.png */; };
		2077BD2A1AC8389A00CD7BA0 /* car_greenR.png in Resources */ = {isa = PBXBuildFile; fileRef = 2077BD221AC8389A00CD7BA0 /* car_greenR.png */; };
		2077BD2B1AC8389A00CD7BA0 /* car_lockR.png in Resources */ = {isa = PBXBuildFile; fileRef = 2077BD231AC8389A00CD7BA0 /* car_lockR.png */; };
		2077BD2C1AC8389A00CD7BA0 /* car_orangeR.png in Resources */ = {isa = PBXBuildFile; fileRef = 2077BD241AC8389A00CD7BA0 /* car_orangeR.png */; };
		2077BD2D1AC8389A00CD7BA0 /* car_pinkR.png in Resources */ = {isa = PBXBuildFile; fileRef = 2077BD251AC8389A00CD7BA0 /* car_pinkR.png */; };
		2077BD2E1AC8389A00CD7BA0 /* car_purpleR.png in Resources */ = {isa = PBXBuildFile; fileRef = 2077BD261AC8389A00CD7BA0 /* car_purpleR.png */; };
		2077BD2F1AC8389A00CD7BA0 /* car_redR.png in Resources */ = {isa = PBXBuildFile; fileRef = 2077BD271AC8389A00CD7BA0 /* car_redR.png */; };
		2077BD301AC8389A00CD7BA0 /* car_yellowR.png in Resources */ = {isa = PBXBuildFile; fileRef = 2077BD281AC8389A00CD7BA0 /* car_yellowR.png */; };
		2077BD391AC8392400CD7BA0 /* car_blueL.png in Resources */ = {isa = PBXBuildFile; fileRef = 2077BD311AC8392400CD7BA0 /* car_blueL.png */; };
		2077BD3A1AC8392400CD7BA0 /* car_greenL.png in Resources */ = {isa = PBXBuildFile; fileRef = 2077BD321AC8392400CD7BA0 /* car_greenL.png */; };
		2077BD3B1AC8392400CD7BA0 /* car_lockL.png in Resources */ = {isa = PBXBuildFile; fileRef = 2077BD331AC8392400CD7BA0 /* car_lockL.png */; };
		2077BD3C1AC8392400CD7BA0 /* car_orangeL.png in Resources */ = {isa = PBXBuildFile; fileRef = 2077BD341AC8392400CD7BA0 /* car_orangeL.png */; };
		2077BD3D1AC8392400CD7BA0 /* car_pinkL.png in Resources */ = {isa = PBXBuildFile; fileRef = 2077BD351AC8392400CD7BA0 /* car_pinkL.png */; };
		2077BD3E1AC8392400CD7BA0 /* car_purpleL.png in Resources */ = {isa = PBXBuildFile; fileRef = 2077BD361AC8392400CD7BA0 /* car_purpleL.png */; };
		2077BD3F1AC8392400CD7BA0 /* car_redL.png in Resources */ = {isa = PBXBuildFile; fileRef = 2077BD371AC8392400CD7BA0 /* car_redL.png */; };
		2077BD401AC8392400CD7BA0 /* car_yellowL.png in Resources */ = {isa = PBXBuildFile; fileRef = 2077BD381AC8392400CD7BA0 /* car_yellowL.png */; };
		2096F9E61ACCE9B90067D597 /* chalkboard.jpg in Resources */ = {isa = PBXBuildFile; fileRef = 2096F9E51ACCE9B90067D597 /* chalkboard.jpg */; };
		2096F9E91ACCE9E80067D597 /* TestEnd.m in Sources */ = {isa = PBXBuildFile; fileRef = 2096F9E81ACCE9E80067D597 /* TestEnd.m */; };
		20B11D801ACCEC1900EA1431 /* greenArrowLpng.png in Resources */ = {isa = PBXBuildFile; fileRef = 20B11D7E1ACCEC1900EA1431 /* greenArrowLpng.png */; };
		20B11D811ACCEC1900EA1431 /* greenArrowR.png in Resources */ = {isa = PBXBuildFile; fileRef = 20B11D7F1ACCEC1900EA1431 /* greenArrowR.png */; };
		20D45FBB1ABE306D005EEBCE /* Map.m in Sources */ = {isa = PBXBuildFile; fileRef = 20D45FBA1ABE306D005EEBCE /* Map.m */; };
		20F8F6431AC89D2C00500A95 /* track.png in Resources */ = {isa = PBXBuildFile; fileRef = 20F8F6421AC89D2C00500A95 /* track.png */; };
		A203946B1AC9C5B7008288AE /* TileUiView.m in Sources */ = {isa = PBXBuildFile; fileRef = A203946A1AC9C5B7008288AE /* TileUiView.m */; };
		A203946E1AC9C67E008288AE /* TileModel.m in Sources */ = {isa = PBXBuildFile; fileRef = A203946D1AC9C67E008288AE /* TileModel.m */; };
		A20394741AC9C70F008288AE /* TileCollectionCell.m in Sources */ = {isa = PBXBuildFile; fileRef = A20394731AC9C70F008288AE /* TileCollectionCell.m */; };
		A20394791AC9CB1A008288AE /* KeyBoardCollectionView.m in Sources */ = {isa = PBXBuildFile; fileRef = A20394781AC9CB1A008288AE /* KeyBoardCollectionView.m */; };
		A2800FAC1ACC6A22007C446D /* DestinationController.m in Sources */ = {isa = PBXBuildFile; fileRef = A2800FAB1ACC6A22007C446D /* DestinationController.m */; };
		A2B207D81ABB8A1500676DC4 /* level.json in Resources */ = {isa = PBXBuildFile; fileRef = A2B207D71ABB8A1500676DC4 /* level.json */; };
		A2B207DA1ABBB5DB00676DC4 /* studentLevel.json in Resources */ = {isa = PBXBuildFile; fileRef = A2B207D91ABBB5DB00676DC4 /* studentLevel.json */; };
/* End PBXBuildFile section */

/* Begin PBXContainerItemProxy section */
		200B08181AA4E52A000E404A /* PBXContainerItemProxy */ = {
			isa = PBXContainerItemProxy;
			containerPortal = 200B07F61AA4E52A000E404A /* Project object */;
			proxyType = 1;
			remoteGlobalIDString = 200B07FD1AA4E52A000E404A;
			remoteInfo = GraylingMathApp;
		};
/* End PBXContainerItemProxy section */

/* Begin PBXFileReference section */
		200B07FE1AA4E52A000E404A /* GraylingMathApp.app */ = {isa = PBXFileReference; explicitFileType = wrapper.application; includeInIndex = 0; path = GraylingMathApp.app; sourceTree = BUILT_PRODUCTS_DIR; };
		200B08021AA4E52A000E404A /* Info.plist */ = {isa = PBXFileReference; lastKnownFileType = text.plist.xml; path = Info.plist; sourceTree = "<group>"; };
		200B08031AA4E52A000E404A /* main.m */ = {isa = PBXFileReference; lastKnownFileType = sourcecode.c.objc; path = main.m; sourceTree = "<group>"; };
		200B08051AA4E52A000E404A /* AppDelegate.h */ = {isa = PBXFileReference; lastKnownFileType = sourcecode.c.h; path = AppDelegate.h; sourceTree = "<group>"; };
		200B08061AA4E52A000E404A /* AppDelegate.m */ = {isa = PBXFileReference; lastKnownFileType = sourcecode.c.objc; path = AppDelegate.m; sourceTree = "<group>"; };
		200B08111AA4E52A000E404A /* Base */ = {isa = PBXFileReference; lastKnownFileType = file.xib; name = Base; path = Base.lproj/LaunchScreen.xib; sourceTree = "<group>"; };
		200B08171AA4E52A000E404A /* GraylingMathAppTests.xctest */ = {isa = PBXFileReference; explicitFileType = wrapper.cfbundle; includeInIndex = 0; path = GraylingMathAppTests.xctest; sourceTree = BUILT_PRODUCTS_DIR; };
		200B081C1AA4E52A000E404A /* Info.plist */ = {isa = PBXFileReference; lastKnownFileType = text.plist.xml; path = Info.plist; sourceTree = "<group>"; };
		200B081D1AA4E52A000E404A /* GraylingMathAppTests.m */ = {isa = PBXFileReference; lastKnownFileType = sourcecode.c.objc; path = GraylingMathAppTests.m; sourceTree = "<group>"; };
		200B08271AA4E63A000E404A /* carHorn.mp3 */ = {isa = PBXFileReference; lastKnownFileType = audio.mp3; name = carHorn.mp3; path = Assets/carHorn.mp3; sourceTree = SOURCE_ROOT; };
		200B082D1AA4E63A000E404A /* raceCarButton.png */ = {isa = PBXFileReference; lastKnownFileType = image.png; name = raceCarButton.png; path = Assets/raceCarButton.png; sourceTree = SOURCE_ROOT; };
		200B08411AA4E6AB000E404A /* FirstViewController.h */ = {isa = PBXFileReference; fileEncoding = 4; lastKnownFileType = sourcecode.c.h; path = FirstViewController.h; sourceTree = "<group>"; };
		200B08421AA4E6AB000E404A /* FirstViewController.m */ = {isa = PBXFileReference; fileEncoding = 4; lastKnownFileType = sourcecode.c.objc; path = FirstViewController.m; sourceTree = "<group>"; };
		200B08481AA4E89C000E404A /* QuartzCore.framework */ = {isa = PBXFileReference; lastKnownFileType = wrapper.framework; name = QuartzCore.framework; path = System/Library/Frameworks/QuartzCore.framework; sourceTree = SDKROOT; };
		200B084A1AA4E8A3000E404A /* CoreGraphics.framework */ = {isa = PBXFileReference; lastKnownFileType = wrapper.framework; name = CoreGraphics.framework; path = System/Library/Frameworks/CoreGraphics.framework; sourceTree = SDKROOT; };
		200B084C1AA4E8A9000E404A /* UIKit.framework */ = {isa = PBXFileReference; lastKnownFileType = wrapper.framework; name = UIKit.framework; path = System/Library/Frameworks/UIKit.framework; sourceTree = SDKROOT; };
		200B084E1AA4E8AF000E404A /* Foundation.framework */ = {isa = PBXFileReference; lastKnownFileType = wrapper.framework; name = Foundation.framework; path = System/Library/Frameworks/Foundation.framework; sourceTree = SDKROOT; };
		200B08501AA4E8B5000E404A /* AVFoundation.framework */ = {isa = PBXFileReference; lastKnownFileType = wrapper.framework; name = AVFoundation.framework; path = System/Library/Frameworks/AVFoundation.framework; sourceTree = SDKROOT; };
		200B08551AA4F48A000E404A /* HomeView.h */ = {isa = PBXFileReference; fileEncoding = 4; lastKnownFileType = sourcecode.c.h; path = HomeView.h; sourceTree = "<group>"; };
		200B08561AA4F48A000E404A /* HomeView.m */ = {isa = PBXFileReference; fileEncoding = 4; lastKnownFileType = sourcecode.c.objc; path = HomeView.m; sourceTree = "<group>"; };
		2036F4651AC5382B006ACE12 /* baseURL.h */ = {isa = PBXFileReference; lastKnownFileType = sourcecode.c.h; name = baseURL.h; path = GraylingMathApp/baseURL.h; sourceTree = "<group>"; };
		2036F4831AC53E90006ACE12 /* Images.xcassets */ = {isa = PBXFileReference; lastKnownFileType = folder.assetcatalog; name = Images.xcassets; path = ../Images.xcassets; sourceTree = "<group>"; };
		20407B6D1AA5031000E536AB /* Base */ = {isa = PBXFileReference; lastKnownFileType = file.storyboard; name = Base; path = Base.lproj/Main.storyboard; sourceTree = "<group>"; };
		204D00091ABE146400BE3A2F /* TestLevelView.h */ = {isa = PBXFileReference; fileEncoding = 4; lastKnownFileType = sourcecode.c.h; path = TestLevelView.h; sourceTree = "<group>"; };
		204D000A1ABE146400BE3A2F /* TestLevelView.m */ = {isa = PBXFileReference; fileEncoding = 4; lastKnownFileType = sourcecode.c.objc; path = TestLevelView.m; sourceTree = "<group>"; };
		204D00151ABE18EA00BE3A2F /* PracticeLevelView.h */ = {isa = PBXFileReference; lastKnownFileType = sourcecode.c.h; path = PracticeLevelView.h; sourceTree = "<group>"; };
		204D00161ABE197E00BE3A2F /* PracticeLevelView.m */ = {isa = PBXFileReference; fileEncoding = 4; lastKnownFileType = sourcecode.c.objc; path = PracticeLevelView.m; sourceTree = "<group>"; };
		2068F7801ABE48140074BB25 /* TypeSelect.h */ = {isa = PBXFileReference; lastKnownFileType = sourcecode.c.h; path = TypeSelect.h; sourceTree = "<group>"; };
		2068F7811ABE481F0074BB25 /* TypeSelect.m */ = {isa = PBXFileReference; fileEncoding = 4; lastKnownFileType = sourcecode.c.objc; path = TypeSelect.m; sourceTree = "<group>"; };
		2068F7831ABE7A4E0074BB25 /* tire-tracks.jpg */ = {isa = PBXFileReference; lastKnownFileType = image.jpeg; name = "tire-tracks.jpg"; path = "Assets/tire-tracks.jpg"; sourceTree = SOURCE_ROOT; };
		2074BC1F1AB6769200D49D86 /* ClassLogin.h */ = {isa = PBXFileReference; fileEncoding = 4; lastKnownFileType = sourcecode.c.h; path = ClassLogin.h; sourceTree = "<group>"; };
		2074BC201AB6769200D49D86 /* ClassLogin.m */ = {isa = PBXFileReference; fileEncoding = 4; lastKnownFileType = sourcecode.c.objc; path = ClassLogin.m; sourceTree = "<group>"; };
		2074BC221AB6790900D49D86 /* StudentLogin.m */ = {isa = PBXFileReference; fileEncoding = 4; lastKnownFileType = sourcecode.c.objc; path = StudentLogin.m; sourceTree = "<group>"; };
		2074BC231AB6790900D49D86 /* StudentLogin.h */ = {isa = PBXFileReference; fileEncoding = 4; lastKnownFileType = sourcecode.c.h; path = StudentLogin.h; sourceTree = "<group>"; };
		2077BD211AC8389A00CD7BA0 /* car_blueR.png */ = {isa = PBXFileReference; lastKnownFileType = image.png; path = car_blueR.png; sourceTree = "<group>"; };
		2077BD221AC8389A00CD7BA0 /* car_greenR.png */ = {isa = PBXFileReference; lastKnownFileType = image.png; path = car_greenR.png; sourceTree = "<group>"; };
		2077BD231AC8389A00CD7BA0 /* car_lockR.png */ = {isa = PBXFileReference; lastKnownFileType = image.png; path = car_lockR.png; sourceTree = "<group>"; };
		2077BD241AC8389A00CD7BA0 /* car_orangeR.png */ = {isa = PBXFileReference; lastKnownFileType = image.png; path = car_orangeR.png; sourceTree = "<group>"; };
		2077BD251AC8389A00CD7BA0 /* car_pinkR.png */ = {isa = PBXFileReference; lastKnownFileType = image.png; path = car_pinkR.png; sourceTree = "<group>"; };
		2077BD261AC8389A00CD7BA0 /* car_purpleR.png */ = {isa = PBXFileReference; lastKnownFileType = image.png; path = car_purpleR.png; sourceTree = "<group>"; };
		2077BD271AC8389A00CD7BA0 /* car_redR.png */ = {isa = PBXFileReference; lastKnownFileType = image.png; path = car_redR.png; sourceTree = "<group>"; };
		2077BD281AC8389A00CD7BA0 /* car_yellowR.png */ = {isa = PBXFileReference; lastKnownFileType = image.png; path = car_yellowR.png; sourceTree = "<group>"; };
		2077BD311AC8392400CD7BA0 /* car_blueL.png */ = {isa = PBXFileReference; lastKnownFileType = image.png; path = car_blueL.png; sourceTree = "<group>"; };
		2077BD321AC8392400CD7BA0 /* car_greenL.png */ = {isa = PBXFileReference; lastKnownFileType = image.png; path = car_greenL.png; sourceTree = "<group>"; };
		2077BD331AC8392400CD7BA0 /* car_lockL.png */ = {isa = PBXFileReference; lastKnownFileType = image.png; path = car_lockL.png; sourceTree = "<group>"; };
		2077BD341AC8392400CD7BA0 /* car_orangeL.png */ = {isa = PBXFileReference; lastKnownFileType = image.png; path = car_orangeL.png; sourceTree = "<group>"; };
		2077BD351AC8392400CD7BA0 /* car_pinkL.png */ = {isa = PBXFileReference; lastKnownFileType = image.png; path = car_pinkL.png; sourceTree = "<group>"; };
		2077BD361AC8392400CD7BA0 /* car_purpleL.png */ = {isa = PBXFileReference; lastKnownFileType = image.png; path = car_purpleL.png; sourceTree = "<group>"; };
		2077BD371AC8392400CD7BA0 /* car_redL.png */ = {isa = PBXFileReference; lastKnownFileType = image.png; path = car_redL.png; sourceTree = "<group>"; };
		2077BD381AC8392400CD7BA0 /* car_yellowL.png */ = {isa = PBXFileReference; lastKnownFileType = image.png; path = car_yellowL.png; sourceTree = "<group>"; };
		2096F9E51ACCE9B90067D597 /* chalkboard.jpg */ = {isa = PBXFileReference; lastKnownFileType = image.jpeg; name = chalkboard.jpg; path = Assets/chalkboard.jpg; sourceTree = SOURCE_ROOT; };
		2096F9E71ACCE9E80067D597 /* TestEnd.h */ = {isa = PBXFileReference; fileEncoding = 4; lastKnownFileType = sourcecode.c.h; path = TestEnd.h; sourceTree = "<group>"; };
		2096F9E81ACCE9E80067D597 /* TestEnd.m */ = {isa = PBXFileReference; fileEncoding = 4; lastKnownFileType = sourcecode.c.objc; path = TestEnd.m; sourceTree = "<group>"; };
		20B11D7E1ACCEC1900EA1431 /* greenArrowLpng.png */ = {isa = PBXFileReference; lastKnownFileType = image.png; name = greenArrowLpng.png; path = Assets/greenArrowLpng.png; sourceTree = SOURCE_ROOT; };
		20B11D7F1ACCEC1900EA1431 /* greenArrowR.png */ = {isa = PBXFileReference; lastKnownFileType = image.png; name = greenArrowR.png; path = Assets/greenArrowR.png; sourceTree = SOURCE_ROOT; };
		20D45FB91ABE3061005EEBCE /* Map.h */ = {isa = PBXFileReference; lastKnownFileType = sourcecode.c.h; path = Map.h; sourceTree = "<group>"; };
		20D45FBA1ABE306D005EEBCE /* Map.m */ = {isa = PBXFileReference; fileEncoding = 4; lastKnownFileType = sourcecode.c.objc; path = Map.m; sourceTree = "<group>"; };
		20F8F6421AC89D2C00500A95 /* track.png */ = {isa = PBXFileReference; lastKnownFileType = image.png; path = track.png; sourceTree = "<group>"; };
		A20394691AC9C5B7008288AE /* TileUiView.h */ = {isa = PBXFileReference; fileEncoding = 4; lastKnownFileType = sourcecode.c.h; path = TileUiView.h; sourceTree = "<group>"; };
		A203946A1AC9C5B7008288AE /* TileUiView.m */ = {isa = PBXFileReference; fileEncoding = 4; lastKnownFileType = sourcecode.c.objc; path = TileUiView.m; sourceTree = "<group>"; };
		A203946C1AC9C67E008288AE /* TileModel.h */ = {isa = PBXFileReference; fileEncoding = 4; lastKnownFileType = sourcecode.c.h; path = TileModel.h; sourceTree = "<group>"; };
		A203946D1AC9C67E008288AE /* TileModel.m */ = {isa = PBXFileReference; fileEncoding = 4; lastKnownFileType = sourcecode.c.objc; path = TileModel.m; sourceTree = "<group>"; };
		A20394721AC9C70F008288AE /* TileCollectionCell.h */ = {isa = PBXFileReference; fileEncoding = 4; lastKnownFileType = sourcecode.c.h; path = TileCollectionCell.h; sourceTree = "<group>"; };
		A20394731AC9C70F008288AE /* TileCollectionCell.m */ = {isa = PBXFileReference; fileEncoding = 4; lastKnownFileType = sourcecode.c.objc; path = TileCollectionCell.m; sourceTree = "<group>"; };
		A20394771AC9CB1A008288AE /* KeyBoardCollectionView.h */ = {isa = PBXFileReference; fileEncoding = 4; lastKnownFileType = sourcecode.c.h; path = KeyBoardCollectionView.h; sourceTree = "<group>"; };
		A20394781AC9CB1A008288AE /* KeyBoardCollectionView.m */ = {isa = PBXFileReference; fileEncoding = 4; lastKnownFileType = sourcecode.c.objc; path = KeyBoardCollectionView.m; sourceTree = "<group>"; };
		A2800FAA1ACC6A22007C446D /* DestinationController.h */ = {isa = PBXFileReference; fileEncoding = 4; lastKnownFileType = sourcecode.c.h; name = DestinationController.h; path = ../DestinationController.h; sourceTree = "<group>"; };
		A2800FAB1ACC6A22007C446D /* DestinationController.m */ = {isa = PBXFileReference; fileEncoding = 4; lastKnownFileType = sourcecode.c.objc; name = DestinationController.m; path = ../DestinationController.m; sourceTree = "<group>"; };
		A2B207D71ABB8A1500676DC4 /* level.json */ = {isa = PBXFileReference; fileEncoding = 4; lastKnownFileType = text.json; path = level.json; sourceTree = "<group>"; };
		A2B207D91ABBB5DB00676DC4 /* studentLevel.json */ = {isa = PBXFileReference; fileEncoding = 4; lastKnownFileType = text.json; path = studentLevel.json; sourceTree = "<group>"; };
/* End PBXFileReference section */

/* Begin PBXFrameworksBuildPhase section */
		200B07FB1AA4E52A000E404A /* Frameworks */ = {
			isa = PBXFrameworksBuildPhase;
			buildActionMask = 2147483647;
			files = (
				200B08511AA4E8B5000E404A /* AVFoundation.framework in Frameworks */,
				200B084F1AA4E8AF000E404A /* Foundation.framework in Frameworks */,
				200B084D1AA4E8A9000E404A /* UIKit.framework in Frameworks */,
				200B084B1AA4E8A3000E404A /* CoreGraphics.framework in Frameworks */,
				200B08491AA4E89C000E404A /* QuartzCore.framework in Frameworks */,
			);
			runOnlyForDeploymentPostprocessing = 0;
		};
		200B08141AA4E52A000E404A /* Frameworks */ = {
			isa = PBXFrameworksBuildPhase;
			buildActionMask = 2147483647;
			files = (
			);
			runOnlyForDeploymentPostprocessing = 0;
		};
/* End PBXFrameworksBuildPhase section */

/* Begin PBXGroup section */
		200B07F51AA4E52A000E404A = {
			isa = PBXGroup;
			children = (
				2036F4651AC5382B006ACE12 /* baseURL.h */,
				200B08501AA4E8B5000E404A /* AVFoundation.framework */,
				200B084E1AA4E8AF000E404A /* Foundation.framework */,
				200B084C1AA4E8A9000E404A /* UIKit.framework */,
				200B084A1AA4E8A3000E404A /* CoreGraphics.framework */,
				200B08481AA4E89C000E404A /* QuartzCore.framework */,
				200B08001AA4E52A000E404A /* GraylingMathApp */,
				200B081A1AA4E52A000E404A /* GraylingMathAppTests */,
				200B07FF1AA4E52A000E404A /* Products */,
			);
			sourceTree = "<group>";
		};
		200B07FF1AA4E52A000E404A /* Products */ = {
			isa = PBXGroup;
			children = (
				200B07FE1AA4E52A000E404A /* GraylingMathApp.app */,
				200B08171AA4E52A000E404A /* GraylingMathAppTests.xctest */,
			);
			name = Products;
			sourceTree = "<group>";
		};
		200B08001AA4E52A000E404A /* GraylingMathApp */ = {
			isa = PBXGroup;
			children = (
				A2B207D91ABBB5DB00676DC4 /* studentLevel.json */,
				A2B207D71ABB8A1500676DC4 /* level.json */,
				A20095571AB07E54004DECFB /* Storyboard */,
				2074BC1E1AB6764700D49D86 /* Login Screens */,
				A20095531AB07DF2004DECFB /* Level Select */,
				204D000E1ABE161600BE3A2F /* Enter Question View */,
				A200954F1AB07CCD004DECFB /* Main Screen */,
				200B08051AA4E52A000E404A /* AppDelegate.h */,
				200B08061AA4E52A000E404A /* AppDelegate.m */,
				200B08101AA4E52A000E404A /* LaunchScreen.xib */,
				2036F4831AC53E90006ACE12 /* Images.xcassets */,
				200B08011AA4E52A000E404A /* Supporting Files */,
			);
			path = GraylingMathApp;
			sourceTree = "<group>";
		};
		200B08011AA4E52A000E404A /* Supporting Files */ = {
			isa = PBXGroup;
			children = (
				2077BD071AC8270300CD7BA0 /* Cars */,
				2077BD121AC8270300CD7BA0 /* Maps */,
				2068F7831ABE7A4E0074BB25 /* tire-tracks.jpg */,
				2096F9E51ACCE9B90067D597 /* chalkboard.jpg */,
				20B11D7E1ACCEC1900EA1431 /* greenArrowLpng.png */,
				20B11D7F1ACCEC1900EA1431 /* greenArrowR.png */,
				200B08271AA4E63A000E404A /* carHorn.mp3 */,
				200B082D1AA4E63A000E404A /* raceCarButton.png */,
				200B08021AA4E52A000E404A /* Info.plist */,
				200B08031AA4E52A000E404A /* main.m */,
			);
			name = "Supporting Files";
			sourceTree = "<group>";
		};
		200B081A1AA4E52A000E404A /* GraylingMathAppTests */ = {
			isa = PBXGroup;
			children = (
				200B081D1AA4E52A000E404A /* GraylingMathAppTests.m */,
				200B081B1AA4E52A000E404A /* Supporting Files */,
			);
			path = GraylingMathAppTests;
			sourceTree = "<group>";
		};
		200B081B1AA4E52A000E404A /* Supporting Files */ = {
			isa = PBXGroup;
			children = (
				200B081C1AA4E52A000E404A /* Info.plist */,
			);
			name = "Supporting Files";
			sourceTree = "<group>";
		};
		204D000E1ABE161600BE3A2F /* Enter Question View */ = {
			isa = PBXGroup;
			children = (
				204D00101ABE166000BE3A2F /* PracticeLevelView */,
				204D000F1ABE164E00BE3A2F /* TestLevelView */,
			);
			name = "Enter Question View";
			sourceTree = "<group>";
		};
		204D000F1ABE164E00BE3A2F /* TestLevelView */ = {
			isa = PBXGroup;
			children = (
				A20394681AC9C58A008288AE /* DragDropTiles */,
				204D00091ABE146400BE3A2F /* TestLevelView.h */,
				204D000A1ABE146400BE3A2F /* TestLevelView.m */,
				2096F9E71ACCE9E80067D597 /* TestEnd.h */,
				2096F9E81ACCE9E80067D597 /* TestEnd.m */,
			);
			name = TestLevelView;
			sourceTree = "<group>";
		};
		204D00101ABE166000BE3A2F /* PracticeLevelView */ = {
			isa = PBXGroup;
			children = (
				204D00151ABE18EA00BE3A2F /* PracticeLevelView.h */,
				204D00161ABE197E00BE3A2F /* PracticeLevelView.m */,
			);
			name = PracticeLevelView;
			sourceTree = "<group>";
		};
		2074BC1E1AB6764700D49D86 /* Login Screens */ = {
			isa = PBXGroup;
			children = (
				2074BC231AB6790900D49D86 /* StudentLogin.h */,
				2074BC221AB6790900D49D86 /* StudentLogin.m */,
				2074BC1F1AB6769200D49D86 /* ClassLogin.h */,
				2074BC201AB6769200D49D86 /* ClassLogin.m */,
			);
			name = "Login Screens";
			sourceTree = "<group>";
		};
		2077BD071AC8270300CD7BA0 /* Cars */ = {
			isa = PBXGroup;
			children = (
				2077BD311AC8392400CD7BA0 /* car_blueL.png */,
				2077BD321AC8392400CD7BA0 /* car_greenL.png */,
				2077BD331AC8392400CD7BA0 /* car_lockL.png */,
				2077BD341AC8392400CD7BA0 /* car_orangeL.png */,
				2077BD351AC8392400CD7BA0 /* car_pinkL.png */,
				2077BD361AC8392400CD7BA0 /* car_purpleL.png */,
				2077BD371AC8392400CD7BA0 /* car_redL.png */,
				2077BD381AC8392400CD7BA0 /* car_yellowL.png */,
				2077BD211AC8389A00CD7BA0 /* car_blueR.png */,
				2077BD221AC8389A00CD7BA0 /* car_greenR.png */,
				2077BD231AC8389A00CD7BA0 /* car_lockR.png */,
				2077BD241AC8389A00CD7BA0 /* car_orangeR.png */,
				2077BD251AC8389A00CD7BA0 /* car_pinkR.png */,
				2077BD261AC8389A00CD7BA0 /* car_purpleR.png */,
				2077BD271AC8389A00CD7BA0 /* car_redR.png */,
				2077BD281AC8389A00CD7BA0 /* car_yellowR.png */,
			);
			name = Cars;
			path = Assets/Cars;
			sourceTree = SOURCE_ROOT;
		};
		2077BD121AC8270300CD7BA0 /* Maps */ = {
			isa = PBXGroup;
			children = (
				20F8F6421AC89D2C00500A95 /* track.png */,
			);
			name = Maps;
			path = Assets/Maps;
			sourceTree = SOURCE_ROOT;
		};
		A200954F1AB07CCD004DECFB /* Main Screen */ = {
			isa = PBXGroup;
			children = (
				200B08411AA4E6AB000E404A /* FirstViewController.h */,
				200B08421AA4E6AB000E404A /* FirstViewController.m */,
				200B08551AA4F48A000E404A /* HomeView.h */,
				200B08561AA4F48A000E404A /* HomeView.m */,
			);
			name = "Main Screen";
			sourceTree = "<group>";
		};
		A20095531AB07DF2004DECFB /* Level Select */ = {
			isa = PBXGroup;
			children = (
				20D45FB91ABE3061005EEBCE /* Map.h */,
				20D45FBA1ABE306D005EEBCE /* Map.m */,
				2068F7801ABE48140074BB25 /* TypeSelect.h */,
				2068F7811ABE481F0074BB25 /* TypeSelect.m */,
			);
			name = "Level Select";
			sourceTree = "<group>";
		};
		A20095571AB07E54004DECFB /* Storyboard */ = {
			isa = PBXGroup;
			children = (
				20407B6C1AA5031000E536AB /* Main.storyboard */,
			);
			name = Storyboard;
			sourceTree = "<group>";
		};
		A20394681AC9C58A008288AE /* DragDropTiles */ = {
			isa = PBXGroup;
			children = (
				A20394761AC9CADE008288AE /* DragDropViewControllers */,
				A20394751AC9C9D3008288AE /* Views */,
				A203946C1AC9C67E008288AE /* TileModel.h */,
				A203946D1AC9C67E008288AE /* TileModel.m */,
			);
			name = DragDropTiles;
			sourceTree = "<group>";
		};
		A20394751AC9C9D3008288AE /* Views */ = {
			isa = PBXGroup;
			children = (
				A20394721AC9C70F008288AE /* TileCollectionCell.h */,
				A20394731AC9C70F008288AE /* TileCollectionCell.m */,
				A20394691AC9C5B7008288AE /* TileUiView.h */,
				A203946A1AC9C5B7008288AE /* TileUiView.m */,
			);
			name = Views;
			sourceTree = "<group>";
		};
		A20394761AC9CADE008288AE /* DragDropViewControllers */ = {
			isa = PBXGroup;
			children = (
				A2800FAA1ACC6A22007C446D /* DestinationController.h */,
				A2800FAB1ACC6A22007C446D /* DestinationController.m */,
				A20394771AC9CB1A008288AE /* KeyBoardCollectionView.h */,
				A20394781AC9CB1A008288AE /* KeyBoardCollectionView.m */,
			);
			name = DragDropViewControllers;
			sourceTree = "<group>";
		};
/* End PBXGroup section */

/* Begin PBXNativeTarget section */
		200B07FD1AA4E52A000E404A /* GraylingMathApp */ = {
			isa = PBXNativeTarget;
			buildConfigurationList = 200B08211AA4E52A000E404A /* Build configuration list for PBXNativeTarget "GraylingMathApp" */;
			buildPhases = (
				200B07FA1AA4E52A000E404A /* Sources */,
				200B07FB1AA4E52A000E404A /* Frameworks */,
				200B07FC1AA4E52A000E404A /* Resources */,
			);
			buildRules = (
			);
			dependencies = (
			);
			name = GraylingMathApp;
			productName = GraylingMathApp;
			productReference = 200B07FE1AA4E52A000E404A /* GraylingMathApp.app */;
			productType = "com.apple.product-type.application";
		};
		200B08161AA4E52A000E404A /* GraylingMathAppTests */ = {
			isa = PBXNativeTarget;
			buildConfigurationList = 200B08241AA4E52A000E404A /* Build configuration list for PBXNativeTarget "GraylingMathAppTests" */;
			buildPhases = (
				200B08131AA4E52A000E404A /* Sources */,
				200B08141AA4E52A000E404A /* Frameworks */,
				200B08151AA4E52A000E404A /* Resources */,
			);
			buildRules = (
			);
			dependencies = (
				200B08191AA4E52A000E404A /* PBXTargetDependency */,
			);
			name = GraylingMathAppTests;
			productName = GraylingMathAppTests;
			productReference = 200B08171AA4E52A000E404A /* GraylingMathAppTests.xctest */;
			productType = "com.apple.product-type.bundle.unit-test";
		};
/* End PBXNativeTarget section */

/* Begin PBXProject section */
		200B07F61AA4E52A000E404A /* Project object */ = {
			isa = PBXProject;
			attributes = {
				LastUpgradeCheck = 0610;
				ORGANIZATIONNAME = "Samuel Arseneault";
				TargetAttributes = {
					200B07FD1AA4E52A000E404A = {
						CreatedOnToolsVersion = 6.1.1;
						DevelopmentTeam = S6ZV2CSBU3;
					};
					200B08161AA4E52A000E404A = {
						CreatedOnToolsVersion = 6.1.1;
						TestTargetID = 200B07FD1AA4E52A000E404A;
					};
				};
			};
			buildConfigurationList = 200B07F91AA4E52A000E404A /* Build configuration list for PBXProject "GraylingMathApp" */;
			compatibilityVersion = "Xcode 3.2";
			developmentRegion = English;
			hasScannedForEncodings = 0;
			knownRegions = (
				en,
				Base,
			);
			mainGroup = 200B07F51AA4E52A000E404A;
			productRefGroup = 200B07FF1AA4E52A000E404A /* Products */;
			projectDirPath = "";
			projectRoot = "";
			targets = (
				200B07FD1AA4E52A000E404A /* GraylingMathApp */,
				200B08161AA4E52A000E404A /* GraylingMathAppTests */,
			);
		};
/* End PBXProject section */

/* Begin PBXResourcesBuildPhase section */
		200B07FC1AA4E52A000E404A /* Resources */ = {
			isa = PBXResourcesBuildPhase;
			buildActionMask = 2147483647;
			files = (
				20B11D811ACCEC1900EA1431 /* greenArrowR.png in Resources */,
				200B08391AA4E63A000E404A /* raceCarButton.png in Resources */,
				2077BD3B1AC8392400CD7BA0 /* car_lockL.png in Resources */,
				2096F9E61ACCE9B90067D597 /* chalkboard.jpg in Resources */,
				2077BD3F1AC8392400CD7BA0 /* car_redL.png in Resources */,
				2077BD2E1AC8389A00CD7BA0 /* car_purpleR.png in Resources */,
				2077BD3E1AC8392400CD7BA0 /* car_purpleL.png in Resources */,
				2036F4841AC53E90006ACE12 /* Images.xcassets in Resources */,
				A2B207D81ABB8A1500676DC4 /* level.json in Resources */,
				2077BD401AC8392400CD7BA0 /* car_yellowL.png in Resources */,
				2077BD2D1AC8389A00CD7BA0 /* car_pinkR.png in Resources */,
				2077BD2A1AC8389A00CD7BA0 /* car_greenR.png in Resources */,
				20407B6E1AA5031000E536AB /* Main.storyboard in Resources */,
				2077BD391AC8392400CD7BA0 /* car_blueL.png in Resources */,
				2077BD301AC8389A00CD7BA0 /* car_yellowR.png in Resources */,
				2077BD3D1AC8392400CD7BA0 /* car_pinkL.png in Resources */,
				20F8F6431AC89D2C00500A95 /* track.png in Resources */,
				2077BD3A1AC8392400CD7BA0 /* car_greenL.png in Resources */,
				2068F7841ABE7A4E0074BB25 /* tire-tracks.jpg in Resources */,
				2077BD291AC8389A00CD7BA0 /* car_blueR.png in Resources */,
				2077BD2C1AC8389A00CD7BA0 /* car_orangeR.png in Resources */,
				2077BD2B1AC8389A00CD7BA0 /* car_lockR.png in Resources */,
				20B11D801ACCEC1900EA1431 /* greenArrowLpng.png in Resources */,
				200B08121AA4E52A000E404A /* LaunchScreen.xib in Resources */,
				200B08331AA4E63A000E404A /* carHorn.mp3 in Resources */,
				2077BD3C1AC8392400CD7BA0 /* car_orangeL.png in Resources */,
				2077BD2F1AC8389A00CD7BA0 /* car_redR.png in Resources */,
				A2B207DA1ABBB5DB00676DC4 /* studentLevel.json in Resources */,
			);
			runOnlyForDeploymentPostprocessing = 0;
		};
		200B08151AA4E52A000E404A /* Resources */ = {
			isa = PBXResourcesBuildPhase;
			buildActionMask = 2147483647;
			files = (
			);
			runOnlyForDeploymentPostprocessing = 0;
		};
/* End PBXResourcesBuildPhase section */

/* Begin PBXSourcesBuildPhase section */
		200B07FA1AA4E52A000E404A /* Sources */ = {
			isa = PBXSourcesBuildPhase;
			buildActionMask = 2147483647;
			files = (
				204D00171ABE197E00BE3A2F /* PracticeLevelView.m in Sources */,
				A203946E1AC9C67E008288AE /* TileModel.m in Sources */,
				A2800FAC1ACC6A22007C446D /* DestinationController.m in Sources */,
				A20394741AC9C70F008288AE /* TileCollectionCell.m in Sources */,
				200B08071AA4E52A000E404A /* AppDelegate.m in Sources */,
				200B08571AA4F48A000E404A /* HomeView.m in Sources */,
				2074BC211AB6769200D49D86 /* ClassLogin.m in Sources */,
				204D000B1ABE146400BE3A2F /* TestLevelView.m in Sources */,
				2074BC241AB6790900D49D86 /* StudentLogin.m in Sources */,
				A203946B1AC9C5B7008288AE /* TileUiView.m in Sources */,
				A20394791AC9CB1A008288AE /* KeyBoardCollectionView.m in Sources */,
				2096F9E91ACCE9E80067D597 /* TestEnd.m in Sources */,
				200B08461AA4E6AB000E404A /* FirstViewController.m in Sources */,
				20D45FBB1ABE306D005EEBCE /* Map.m in Sources */,
				2068F7821ABE481F0074BB25 /* TypeSelect.m in Sources */,
				200B08041AA4E52A000E404A /* main.m in Sources */,
			);
			runOnlyForDeploymentPostprocessing = 0;
		};
		200B08131AA4E52A000E404A /* Sources */ = {
			isa = PBXSourcesBuildPhase;
			buildActionMask = 2147483647;
			files = (
				200B081E1AA4E52A000E404A /* GraylingMathAppTests.m in Sources */,
			);
			runOnlyForDeploymentPostprocessing = 0;
		};
/* End PBXSourcesBuildPhase section */

/* Begin PBXTargetDependency section */
		200B08191AA4E52A000E404A /* PBXTargetDependency */ = {
			isa = PBXTargetDependency;
			target = 200B07FD1AA4E52A000E404A /* GraylingMathApp */;
			targetProxy = 200B08181AA4E52A000E404A /* PBXContainerItemProxy */;
		};
/* End PBXTargetDependency section */

/* Begin PBXVariantGroup section */
		200B08101AA4E52A000E404A /* LaunchScreen.xib */ = {
			isa = PBXVariantGroup;
			children = (
				200B08111AA4E52A000E404A /* Base */,
			);
			name = LaunchScreen.xib;
			sourceTree = "<group>";
		};
		20407B6C1AA5031000E536AB /* Main.storyboard */ = {
			isa = PBXVariantGroup;
			children = (
				20407B6D1AA5031000E536AB /* Base */,
			);
			name = Main.storyboard;
			sourceTree = "<group>";
		};
/* End PBXVariantGroup section */

/* Begin XCBuildConfiguration section */
		200B081F1AA4E52A000E404A /* Debug */ = {
			isa = XCBuildConfiguration;
			buildSettings = {
				ALWAYS_SEARCH_USER_PATHS = NO;
				CLANG_CXX_LANGUAGE_STANDARD = "gnu++0x";
				CLANG_CXX_LIBRARY = "libc++";
				CLANG_ENABLE_MODULES = YES;
				CLANG_ENABLE_OBJC_ARC = YES;
				CLANG_WARN_BOOL_CONVERSION = YES;
				CLANG_WARN_CONSTANT_CONVERSION = YES;
				CLANG_WARN_DIRECT_OBJC_ISA_USAGE = YES_ERROR;
				CLANG_WARN_EMPTY_BODY = YES;
				CLANG_WARN_ENUM_CONVERSION = YES;
				CLANG_WARN_INT_CONVERSION = YES;
				CLANG_WARN_OBJC_ROOT_CLASS = YES_ERROR;
				CLANG_WARN_UNREACHABLE_CODE = YES;
				CLANG_WARN__DUPLICATE_METHOD_MATCH = YES;
				"CODE_SIGN_IDENTITY[sdk=iphoneos*]" = "iPhone Developer";
				COPY_PHASE_STRIP = NO;
				ENABLE_STRICT_OBJC_MSGSEND = YES;
				GCC_C_LANGUAGE_STANDARD = gnu99;
				GCC_DYNAMIC_NO_PIC = NO;
				GCC_OPTIMIZATION_LEVEL = 0;
				GCC_PREPROCESSOR_DEFINITIONS = (
					"DEBUG=1",
					"$(inherited)",
				);
				GCC_SYMBOLS_PRIVATE_EXTERN = NO;
				GCC_WARN_64_TO_32_BIT_CONVERSION = YES;
				GCC_WARN_ABOUT_RETURN_TYPE = YES_ERROR;
				GCC_WARN_UNDECLARED_SELECTOR = YES;
				GCC_WARN_UNINITIALIZED_AUTOS = YES_AGGRESSIVE;
				GCC_WARN_UNUSED_FUNCTION = YES;
				GCC_WARN_UNUSED_VARIABLE = YES;
				IPHONEOS_DEPLOYMENT_TARGET = 8.1;
				MTL_ENABLE_DEBUG_INFO = YES;
				ONLY_ACTIVE_ARCH = YES;
				SDKROOT = iphoneos;
				TARGETED_DEVICE_FAMILY = 2;
			};
			name = Debug;
		};
		200B08201AA4E52A000E404A /* Release */ = {
			isa = XCBuildConfiguration;
			buildSettings = {
				ALWAYS_SEARCH_USER_PATHS = NO;
				CLANG_CXX_LANGUAGE_STANDARD = "gnu++0x";
				CLANG_CXX_LIBRARY = "libc++";
				CLANG_ENABLE_MODULES = YES;
				CLANG_ENABLE_OBJC_ARC = YES;
				CLANG_WARN_BOOL_CONVERSION = YES;
				CLANG_WARN_CONSTANT_CONVERSION = YES;
				CLANG_WARN_DIRECT_OBJC_ISA_USAGE = YES_ERROR;
				CLANG_WARN_EMPTY_BODY = YES;
				CLANG_WARN_ENUM_CONVERSION = YES;
				CLANG_WARN_INT_CONVERSION = YES;
				CLANG_WARN_OBJC_ROOT_CLASS = YES_ERROR;
				CLANG_WARN_UNREACHABLE_CODE = YES;
				CLANG_WARN__DUPLICATE_METHOD_MATCH = YES;
				"CODE_SIGN_IDENTITY[sdk=iphoneos*]" = "iPhone Developer";
				COPY_PHASE_STRIP = YES;
				ENABLE_NS_ASSERTIONS = NO;
				ENABLE_STRICT_OBJC_MSGSEND = YES;
				GCC_C_LANGUAGE_STANDARD = gnu99;
				GCC_WARN_64_TO_32_BIT_CONVERSION = YES;
				GCC_WARN_ABOUT_RETURN_TYPE = YES_ERROR;
				GCC_WARN_UNDECLARED_SELECTOR = YES;
				GCC_WARN_UNINITIALIZED_AUTOS = YES_AGGRESSIVE;
				GCC_WARN_UNUSED_FUNCTION = YES;
				GCC_WARN_UNUSED_VARIABLE = YES;
				IPHONEOS_DEPLOYMENT_TARGET = 8.1;
				MTL_ENABLE_DEBUG_INFO = NO;
				SDKROOT = iphoneos;
				TARGETED_DEVICE_FAMILY = 2;
				VALIDATE_PRODUCT = YES;
			};
			name = Release;
		};
		200B08221AA4E52A000E404A /* Debug */ = {
			isa = XCBuildConfiguration;
			buildSettings = {
				ASSETCATALOG_COMPILER_APPICON_NAME = AppIcon;
				CODE_SIGN_IDENTITY = "iPhone Developer";
				"CODE_SIGN_IDENTITY[sdk=iphoneos*]" = "iPhone Developer";
				INFOPLIST_FILE = GraylingMathApp/Info.plist;
				IPHONEOS_DEPLOYMENT_TARGET = 7.0;
				LD_RUNPATH_SEARCH_PATHS = "$(inherited) @executable_path/Frameworks";
				PRODUCT_NAME = "$(TARGET_NAME)";
				PROVISIONING_PROFILE = "67633be2-dd2e-4dfe-b075-49b3dec8b50b";
				TARGETED_DEVICE_FAMILY = 2;
			};
			name = Debug;
		};
		200B08231AA4E52A000E404A /* Release */ = {
			isa = XCBuildConfiguration;
			buildSettings = {
				ASSETCATALOG_COMPILER_APPICON_NAME = AppIcon;
				CODE_SIGN_IDENTITY = "iPhone Developer";
				"CODE_SIGN_IDENTITY[sdk=iphoneos*]" = "iPhone Developer";
				INFOPLIST_FILE = GraylingMathApp/Info.plist;
				IPHONEOS_DEPLOYMENT_TARGET = 7.0;
				LD_RUNPATH_SEARCH_PATHS = "$(inherited) @executable_path/Frameworks";
				PRODUCT_NAME = "$(TARGET_NAME)";
				PROVISIONING_PROFILE = "67633be2-dd2e-4dfe-b075-49b3dec8b50b";
				TARGETED_DEVICE_FAMILY = 2;
			};
			name = Release;
		};
		200B08251AA4E52A000E404A /* Debug */ = {
			isa = XCBuildConfiguration;
			buildSettings = {
				BUNDLE_LOADER = "$(TEST_HOST)";
				FRAMEWORK_SEARCH_PATHS = (
					"$(SDKROOT)/Developer/Library/Frameworks",
					"$(inherited)",
				);
				GCC_PREPROCESSOR_DEFINITIONS = (
					"DEBUG=1",
					"$(inherited)",
				);
				INFOPLIST_FILE = GraylingMathAppTests/Info.plist;
				LD_RUNPATH_SEARCH_PATHS = "$(inherited) @executable_path/Frameworks @loader_path/Frameworks";
				PRODUCT_NAME = "$(TARGET_NAME)";
				TEST_HOST = "$(BUILT_PRODUCTS_DIR)/GraylingMathApp.app/GraylingMathApp";
			};
			name = Debug;
		};
		200B08261AA4E52A000E404A /* Release */ = {
			isa = XCBuildConfiguration;
			buildSettings = {
				BUNDLE_LOADER = "$(TEST_HOST)";
				FRAMEWORK_SEARCH_PATHS = (
					"$(SDKROOT)/Developer/Library/Frameworks",
					"$(inherited)",
				);
				INFOPLIST_FILE = GraylingMathAppTests/Info.plist;
				LD_RUNPATH_SEARCH_PATHS = "$(inherited) @executable_path/Frameworks @loader_path/Frameworks";
				PRODUCT_NAME = "$(TARGET_NAME)";
				TEST_HOST = "$(BUILT_PRODUCTS_DIR)/GraylingMathApp.app/GraylingMathApp";
			};
			name = Release;
		};
/* End XCBuildConfiguration section */

/* Begin XCConfigurationList section */
		200B07F91AA4E52A000E404A /* Build configuration list for PBXProject "GraylingMathApp" */ = {
			isa = XCConfigurationList;
			buildConfigurations = (
				200B081F1AA4E52A000E404A /* Debug */,
				200B08201AA4E52A000E404A /* Release */,
			);
			defaultConfigurationIsVisible = 0;
			defaultConfigurationName = Release;
		};
		200B08211AA4E52A000E404A /* Build configuration list for PBXNativeTarget "GraylingMathApp" */ = {
			isa = XCConfigurationList;
			buildConfigurations = (
				200B08221AA4E52A000E404A /* Debug */,
				200B08231AA4E52A000E404A /* Release */,
			);
			defaultConfigurationIsVisible = 0;
			defaultConfigurationName = Release;
		};
		200B08241AA4E52A000E404A /* Build configuration list for PBXNativeTarget "GraylingMathAppTests" */ = {
			isa = XCConfigurationList;
			buildConfigurations = (
				200B08251AA4E52A000E404A /* Debug */,
				200B08261AA4E52A000E404A /* Release */,
			);
			defaultConfigurationIsVisible = 0;
			defaultConfigurationName = Release;
		};
/* End XCConfigurationList section */
	};
	rootObject = 200B07F61AA4E52A000E404A /* Project object */;
}
